// !$*UTF8*$!
{
	archiveVersion = 1;
	classes = {
	};
	objectVersion = 56;
	objects = {

/* Begin PBXBuildFile section */
		94085B5129574FE500FAF9A2 /* DayPeriod.swift in Sources */ = {isa = PBXBuildFile; fileRef = 94085B5029574FE500FAF9A2 /* DayPeriod.swift */; };
		9409E62E29660C2B00990EA7 /* UserDefaults + Ext.swift in Sources */ = {isa = PBXBuildFile; fileRef = 9409E62D29660C2B00990EA7 /* UserDefaults + Ext.swift */; };
		9409E6312966110200990EA7 /* SavedLocationForecastViewController.swift in Sources */ = {isa = PBXBuildFile; fileRef = 9409E6302966110200990EA7 /* SavedLocationForecastViewController.swift */; };
		9409E6332966112600990EA7 /* SavedLocationWeatherViewModelImpl.swift in Sources */ = {isa = PBXBuildFile; fileRef = 9409E6322966112600990EA7 /* SavedLocationWeatherViewModelImpl.swift */; };
		940DD925296612CE00A4A6E4 /* SavedLocationWeatherViewModel.swift in Sources */ = {isa = PBXBuildFile; fileRef = 940DD924296612CE00A4A6E4 /* SavedLocationWeatherViewModel.swift */; };
		940DD927296616D600A4A6E4 /* SavedLocationForecastCoordinatorImpl.swift in Sources */ = {isa = PBXBuildFile; fileRef = 940DD926296616D600A4A6E4 /* SavedLocationForecastCoordinatorImpl.swift */; };
		940DD9292966189E00A4A6E4 /* SavedLocationForecastCoordinator.swift in Sources */ = {isa = PBXBuildFile; fileRef = 940DD9282966189E00A4A6E4 /* SavedLocationForecastCoordinator.swift */; };
		940DD92B29661A0200A4A6E4 /* CurrentLocationForecastCoordinator.swift in Sources */ = {isa = PBXBuildFile; fileRef = 940DD92A29661A0200A4A6E4 /* CurrentLocationForecastCoordinator.swift */; };
		9413F5E7294F52B900D011F3 /* LowHighWeatherTemperaturesView.swift in Sources */ = {isa = PBXBuildFile; fileRef = 9413F5E6294F52B900D011F3 /* LowHighWeatherTemperaturesView.swift */; };
		9413F5E9294F58BF00D011F3 /* UILabel + Ext.swift in Sources */ = {isa = PBXBuildFile; fileRef = 9413F5E8294F58BF00D011F3 /* UILabel + Ext.swift */; };
		942165792962D94700CFE99C /* ForecastViewViewModel.swift in Sources */ = {isa = PBXBuildFile; fileRef = 942165782962D94700CFE99C /* ForecastViewViewModel.swift */; };
		9421657C2962DBB900CFE99C /* ForecastViewViewModelImpl.swift in Sources */ = {isa = PBXBuildFile; fileRef = 9421657B2962DBB900CFE99C /* ForecastViewViewModelImpl.swift */; };
		942229D2294DDC0E0004FE52 /* CurrentWeatherView.swift in Sources */ = {isa = PBXBuildFile; fileRef = 942229D1294DDC0E0004FE52 /* CurrentWeatherView.swift */; };
		942229D4294DDC3E0004FE52 /* BaseView.swift in Sources */ = {isa = PBXBuildFile; fileRef = 942229D3294DDC3E0004FE52 /* BaseView.swift */; };
		942229D7294DDD080004FE52 /* UIView + Ext.swift in Sources */ = {isa = PBXBuildFile; fileRef = 942229D6294DDD080004FE52 /* UIView + Ext.swift */; };
		942229DC294DE1160004FE52 /* UIStackView + Ext.swift in Sources */ = {isa = PBXBuildFile; fileRef = 942229DB294DE1160004FE52 /* UIStackView + Ext.swift */; };
		942229DE294DFC7B0004FE52 /* CurrentLocationForecastViewModelImpl.swift in Sources */ = {isa = PBXBuildFile; fileRef = 942229DD294DFC7B0004FE52 /* CurrentLocationForecastViewModelImpl.swift */; };
		942229E1294DFCAE0004FE52 /* CurrentLocationForecastViewModel.swift in Sources */ = {isa = PBXBuildFile; fileRef = 942229E0294DFCAE0004FE52 /* CurrentLocationForecastViewModel.swift */; };
		942229E3294DFD150004FE52 /* ViewModelable.swift in Sources */ = {isa = PBXBuildFile; fileRef = 942229E2294DFD150004FE52 /* ViewModelable.swift */; };
		942229E6294E0D4F0004FE52 /* UserLocationManagerImpl.swift in Sources */ = {isa = PBXBuildFile; fileRef = 942229E5294E0D4F0004FE52 /* UserLocationManagerImpl.swift */; };
		942229E9294E0D760004FE52 /* UserLocationManager.swift in Sources */ = {isa = PBXBuildFile; fileRef = 942229E8294E0D760004FE52 /* UserLocationManager.swift */; };
		942229EC294E16950004FE52 /* WeatherInfoSegment.swift in Sources */ = {isa = PBXBuildFile; fileRef = 942229EB294E16950004FE52 /* WeatherInfoSegment.swift */; };
		942229EE294E34210004FE52 /* WeatherAPIService.swift in Sources */ = {isa = PBXBuildFile; fileRef = 942229ED294E34210004FE52 /* WeatherAPIService.swift */; };
		94496896296889DD00BE185F /* UserDefaultsKeys.swift in Sources */ = {isa = PBXBuildFile; fileRef = 94496895296889DD00BE185F /* UserDefaultsKeys.swift */; };
		9449689829688B1500BE185F /* Calendar + Ext.swift in Sources */ = {isa = PBXBuildFile; fileRef = 9449689729688B1500BE185F /* Calendar + Ext.swift */; };
		9456595229B670BD002322F6 /* MessageActionView.swift in Sources */ = {isa = PBXBuildFile; fileRef = 9456595129B670BD002322F6 /* MessageActionView.swift */; };
		945DE8A92950FEC300D0F106 /* WeatherDetailsCellViewModelImpl.swift in Sources */ = {isa = PBXBuildFile; fileRef = 945DE8A82950FEC300D0F106 /* WeatherDetailsCellViewModelImpl.swift */; };
		945DE8AB2950FEDC00D0F106 /* WeatherDetailsCellViewModel.swift in Sources */ = {isa = PBXBuildFile; fileRef = 945DE8AA2950FEDC00D0F106 /* WeatherDetailsCellViewModel.swift */; };
		945DE8AD2950FF9200D0F106 /* WeatherDetails.swift in Sources */ = {isa = PBXBuildFile; fileRef = 945DE8AC2950FF9200D0F106 /* WeatherDetails.swift */; };
		945DE8B029510A0A00D0F106 /* Double + Ext.swift in Sources */ = {isa = PBXBuildFile; fileRef = 945DE8AF29510A0A00D0F106 /* Double + Ext.swift */; };
		945DE8B229510D9E00D0F106 /* BaseTableViewCell.swift in Sources */ = {isa = PBXBuildFile; fileRef = 945DE8B129510D9E00D0F106 /* BaseTableViewCell.swift */; };
		945DE8B42951199000D0F106 /* LowHighWeatherTemperaturesViewModelImpl.swift in Sources */ = {isa = PBXBuildFile; fileRef = 945DE8B32951199000D0F106 /* LowHighWeatherTemperaturesViewModelImpl.swift */; };
		945DE8B6295119C800D0F106 /* LowHighWeatherTemperaturesViewModel.swift in Sources */ = {isa = PBXBuildFile; fileRef = 945DE8B5295119C800D0F106 /* LowHighWeatherTemperaturesViewModel.swift */; };
		945DE8B829511C8F00D0F106 /* Publisher + Ext.swift in Sources */ = {isa = PBXBuildFile; fileRef = 945DE8B729511C8F00D0F106 /* Publisher + Ext.swift */; };
		945DE8BA29511FFC00D0F106 /* TemperatureUnits.swift in Sources */ = {isa = PBXBuildFile; fileRef = 945DE8B929511FFC00D0F106 /* TemperatureUnits.swift */; };
		9469DC6929532E9E00B73F10 /* LocationError.swift in Sources */ = {isa = PBXBuildFile; fileRef = 9469DC6829532E9E00B73F10 /* LocationError.swift */; };
		9477A07C2956EA1F00C39ADC /* HourlyForecastTableViewCell.swift in Sources */ = {isa = PBXBuildFile; fileRef = 9477A07B2956EA1F00C39ADC /* HourlyForecastTableViewCell.swift */; };
		9477A0872957050A00C39ADC /* HourlyForecastCellViewModelImpl.swift in Sources */ = {isa = PBXBuildFile; fileRef = 9477A0862957050A00C39ADC /* HourlyForecastCellViewModelImpl.swift */; };
		9477A0892957052D00C39ADC /* HourlyForecastCellViewModel.swift in Sources */ = {isa = PBXBuildFile; fileRef = 9477A0882957052D00C39ADC /* HourlyForecastCellViewModel.swift */; };
		947B35DE294FB00D001DF032 /* AccessKeysHelper.swift in Sources */ = {isa = PBXBuildFile; fileRef = 947B35DD294FB00D001DF032 /* AccessKeysHelper.swift */; };
		9485B5712955DB890084AAC2 /* DailyForecastTableViewCell.swift in Sources */ = {isa = PBXBuildFile; fileRef = 9485B5702955DB890084AAC2 /* DailyForecastTableViewCell.swift */; };
		9485B5732955E2780084AAC2 /* DailyForecastCellViewModelImpl.swift in Sources */ = {isa = PBXBuildFile; fileRef = 9485B5722955E2780084AAC2 /* DailyForecastCellViewModelImpl.swift */; };
		9485B5752955E2B20084AAC2 /* DailyForecastCellViewModel.swift in Sources */ = {isa = PBXBuildFile; fileRef = 9485B5742955E2B20084AAC2 /* DailyForecastCellViewModel.swift */; };
		9485B579295602B30084AAC2 /* String + Ext.swift in Sources */ = {isa = PBXBuildFile; fileRef = 9485B578295602B30084AAC2 /* String + Ext.swift */; };
		9485B57B295603640084AAC2 /* Date + Ext.swift in Sources */ = {isa = PBXBuildFile; fileRef = 9485B57A295603640084AAC2 /* Date + Ext.swift */; };
		9485B57D2956047D0084AAC2 /* DateFormat.swift in Sources */ = {isa = PBXBuildFile; fileRef = 9485B57C2956047D0084AAC2 /* DateFormat.swift */; };
		9485B57F29560DEC0084AAC2 /* DateFormatter + Ext.swift in Sources */ = {isa = PBXBuildFile; fileRef = 9485B57E29560DEC0084AAC2 /* DateFormatter + Ext.swift */; };
		9490EB5129607EEB00E17745 /* ForecastView.swift in Sources */ = {isa = PBXBuildFile; fileRef = 9490EB5029607EEB00E17745 /* ForecastView.swift */; };
		9493D9E82961678600D72480 /* WeatherDetailsCollectionViewCell.swift in Sources */ = {isa = PBXBuildFile; fileRef = 9493D9E72961678600D72480 /* WeatherDetailsCollectionViewCell.swift */; };
		9493D9EC29616A1F00D72480 /* HourlyForecastCollectionViewCell.swift in Sources */ = {isa = PBXBuildFile; fileRef = 9493D9EB29616A1F00D72480 /* HourlyForecastCollectionViewCell.swift */; };
		9493D9EF29616AA400D72480 /* DailyForecastCollectionViewCell.swift in Sources */ = {isa = PBXBuildFile; fileRef = 9493D9EE29616AA400D72480 /* DailyForecastCollectionViewCell.swift */; };
		9493D9F12961717400D72480 /* DailyForecastCollectionViewCellViewModelImpl.swift in Sources */ = {isa = PBXBuildFile; fileRef = 9493D9F02961717400D72480 /* DailyForecastCollectionViewCellViewModelImpl.swift */; };
		9493D9F32961719E00D72480 /* HorlyForecastCollectionViewCellViewModelImpl.swift in Sources */ = {isa = PBXBuildFile; fileRef = 9493D9F22961719E00D72480 /* HorlyForecastCollectionViewCellViewModelImpl.swift */; };
		9493D9F5296171DA00D72480 /* WeatherDetailsCollectionViewCellViewModelImpl.swift in Sources */ = {isa = PBXBuildFile; fileRef = 9493D9F4296171DA00D72480 /* WeatherDetailsCollectionViewCellViewModelImpl.swift */; };
		9493D9F72961733B00D72480 /* WeatherDetailsCollectionViewCellViewModel.swift in Sources */ = {isa = PBXBuildFile; fileRef = 9493D9F62961733B00D72480 /* WeatherDetailsCollectionViewCellViewModel.swift */; };
		9493D9F92961758400D72480 /* HourlyForecastCollectionViewCellViewModel.swift in Sources */ = {isa = PBXBuildFile; fileRef = 9493D9F82961758400D72480 /* HourlyForecastCollectionViewCellViewModel.swift */; };
		9493D9FB296176AC00D72480 /* DailyForecastCollectionViewCellViewModel.swift in Sources */ = {isa = PBXBuildFile; fileRef = 9493D9FA296176AC00D72480 /* DailyForecastCollectionViewCellViewModel.swift */; };
		949BEFC029655AB600F2A5CD /* LocationCollectionViewCellViewModelImpl.swift in Sources */ = {isa = PBXBuildFile; fileRef = 949BEFBF29655AB600F2A5CD /* LocationCollectionViewCellViewModelImpl.swift */; };
		949BEFC229655B0800F2A5CD /* LocationCollectionViewCellViewModel.swift in Sources */ = {isa = PBXBuildFile; fileRef = 949BEFC129655B0800F2A5CD /* LocationCollectionViewCellViewModel.swift */; };
		949BEFC4296567D000F2A5CD /* TemperatureConvertable.swift in Sources */ = {isa = PBXBuildFile; fileRef = 949BEFC3296567D000F2A5CD /* TemperatureConvertable.swift */; };
		949BEFC62965779F00F2A5CD /* NotificationName + Ext.swift in Sources */ = {isa = PBXBuildFile; fileRef = 949BEFC52965779F00F2A5CD /* NotificationName + Ext.swift */; };
		949C4C56295DFFE60059393C /* MainTabBarController.swift in Sources */ = {isa = PBXBuildFile; fileRef = 949C4C55295DFFE60059393C /* MainTabBarController.swift */; };
		949C4C58295E06540059393C /* ApplicationCoordinator.swift in Sources */ = {isa = PBXBuildFile; fileRef = 949C4C57295E06540059393C /* ApplicationCoordinator.swift */; };
		949C4C5A295E06880059393C /* BaseCoordinator.swift in Sources */ = {isa = PBXBuildFile; fileRef = 949C4C59295E06880059393C /* BaseCoordinator.swift */; };
		949C4C5C295E08A50059393C /* CurrentLocationForecastCoordinatorImpl.swift in Sources */ = {isa = PBXBuildFile; fileRef = 949C4C5B295E08A50059393C /* CurrentLocationForecastCoordinatorImpl.swift */; };
		949C4C5E295E09CF0059393C /* MyLocationsCoordinatorImpl.swift in Sources */ = {isa = PBXBuildFile; fileRef = 949C4C5D295E09CF0059393C /* MyLocationsCoordinatorImpl.swift */; };
		949C4C61295E0B610059393C /* MyLocationsViewController.swift in Sources */ = {isa = PBXBuildFile; fileRef = 949C4C60295E0B610059393C /* MyLocationsViewController.swift */; };
		949C4C67295E195C0059393C /* UIColor + Ext.swift in Sources */ = {isa = PBXBuildFile; fileRef = 949C4C66295E195C0059393C /* UIColor + Ext.swift */; };
		94B9326C29577BD3005F378A /* UIImageView + Ext.swift in Sources */ = {isa = PBXBuildFile; fileRef = 94B9326B29577BD3005F378A /* UIImageView + Ext.swift */; };
		94C4218829536BFD00ECCBD8 /* TemperatureView.swift in Sources */ = {isa = PBXBuildFile; fileRef = 94C4218729536BFD00ECCBD8 /* TemperatureView.swift */; };
		94C4218A29536D8B00ECCBD8 /* Int + Ext.swift in Sources */ = {isa = PBXBuildFile; fileRef = 94C4218929536D8B00ECCBD8 /* Int + Ext.swift */; };
		94C4218E29536ED400ECCBD8 /* Temperature.swift in Sources */ = {isa = PBXBuildFile; fileRef = 94C4218D29536ED400ECCBD8 /* Temperature.swift */; };
		94E589A229562D1100D233CE /* DailyForecastHeaderView.swift in Sources */ = {isa = PBXBuildFile; fileRef = 94E589A129562D1100D233CE /* DailyForecastHeaderView.swift */; };
		94E6CD3E295F108F005440B7 /* Astro.swift in Sources */ = {isa = PBXBuildFile; fileRef = 94E6CD3D295F108F005440B7 /* Astro.swift */; };
		94E6CD40295F10AF005440B7 /* Condition.swift in Sources */ = {isa = PBXBuildFile; fileRef = 94E6CD3F295F10AF005440B7 /* Condition.swift */; };
		94E6CD44295F1B63005440B7 /* LocationCollectionViewCell.swift in Sources */ = {isa = PBXBuildFile; fileRef = 94E6CD43295F1B63005440B7 /* LocationCollectionViewCell.swift */; };
		94E6CD46295F1BB3005440B7 /* UICollectionViewCell + Ext.swift in Sources */ = {isa = PBXBuildFile; fileRef = 94E6CD45295F1BB3005440B7 /* UICollectionViewCell + Ext.swift */; };
		94E6CD48295F1C3B005440B7 /* BaseCollectionViewCell.swift in Sources */ = {isa = PBXBuildFile; fileRef = 94E6CD47295F1C3B005440B7 /* BaseCollectionViewCell.swift */; };
		94E6CD4A295F35B8005440B7 /* City.swift in Sources */ = {isa = PBXBuildFile; fileRef = 94E6CD49295F35B8005440B7 /* City.swift */; };
		94E6CD4C295F3F65005440B7 /* MyLocationsViewModelImpl.swift in Sources */ = {isa = PBXBuildFile; fileRef = 94E6CD4B295F3F65005440B7 /* MyLocationsViewModelImpl.swift */; };
		94E6CD4E295F3F8F005440B7 /* MyLocationsViewModel.swift in Sources */ = {isa = PBXBuildFile; fileRef = 94E6CD4D295F3F8F005440B7 /* MyLocationsViewModel.swift */; };
		94E6CD50295F4766005440B7 /* LocationsSearchResultsController.swift in Sources */ = {isa = PBXBuildFile; fileRef = 94E6CD4F295F4766005440B7 /* LocationsSearchResultsController.swift */; };
		94E6CD53295F479E005440B7 /* LocationsSearchResultsViewModelImpl.swift in Sources */ = {isa = PBXBuildFile; fileRef = 94E6CD52295F479E005440B7 /* LocationsSearchResultsViewModelImpl.swift */; };
		94E6CD55295F47C3005440B7 /* LocationsSearchResultsViewModel.swift in Sources */ = {isa = PBXBuildFile; fileRef = 94E6CD54295F47C3005440B7 /* LocationsSearchResultsViewModel.swift */; };
		94F30525294CE79B00033495 /* AppDelegate.swift in Sources */ = {isa = PBXBuildFile; fileRef = 94F30524294CE79B00033495 /* AppDelegate.swift */; };
		94F30527294CE79B00033495 /* SceneDelegate.swift in Sources */ = {isa = PBXBuildFile; fileRef = 94F30526294CE79B00033495 /* SceneDelegate.swift */; };
		94F30529294CE79B00033495 /* CurrentLocationForecastViewController.swift in Sources */ = {isa = PBXBuildFile; fileRef = 94F30528294CE79B00033495 /* CurrentLocationForecastViewController.swift */; };
		94F3052E294CE79B00033495 /* Assets.xcassets in Resources */ = {isa = PBXBuildFile; fileRef = 94F3052D294CE79B00033495 /* Assets.xcassets */; };
		94F30531294CE79B00033495 /* LaunchScreen.storyboard in Resources */ = {isa = PBXBuildFile; fileRef = 94F3052F294CE79B00033495 /* LaunchScreen.storyboard */; };
		94F3053D294CE8C100033495 /* DI.swift in Sources */ = {isa = PBXBuildFile; fileRef = 94F3053C294CE8C100033495 /* DI.swift */; };
		94F30542294CE8FD00033495 /* AppFactory.swift in Sources */ = {isa = PBXBuildFile; fileRef = 94F30541294CE8FD00033495 /* AppFactory.swift */; };
		94F30544294CE9ED00033495 /* Coordinator.swift in Sources */ = {isa = PBXBuildFile; fileRef = 94F30543294CE9ED00033495 /* Coordinator.swift */; };
		94F30547294CEA9E00033495 /* CoordinatorsFactory.swift in Sources */ = {isa = PBXBuildFile; fileRef = 94F30546294CEA9E00033495 /* CoordinatorsFactory.swift */; };
		94F3054C294CEC1100033495 /* Router.swift in Sources */ = {isa = PBXBuildFile; fileRef = 94F3054B294CEC1100033495 /* Router.swift */; };
		94F3054E294CEC2D00033495 /* Presentable.swift in Sources */ = {isa = PBXBuildFile; fileRef = 94F3054D294CEC2D00033495 /* Presentable.swift */; };
		94F30553294CEFC700033495 /* Closures.swift in Sources */ = {isa = PBXBuildFile; fileRef = 94F30552294CEFC700033495 /* Closures.swift */; };
		94F30555294CF05500033495 /* RouterImpl.swift in Sources */ = {isa = PBXBuildFile; fileRef = 94F30554294CF05500033495 /* RouterImpl.swift */; };
		94F30557294CF3E000033495 /* UIViewController + Ext.swift in Sources */ = {isa = PBXBuildFile; fileRef = 94F30556294CF3E000033495 /* UIViewController + Ext.swift */; };
		94F30559294CF52600033495 /* CoordinatorsFactoryImpl.swift in Sources */ = {isa = PBXBuildFile; fileRef = 94F30558294CF52600033495 /* CoordinatorsFactoryImpl.swift */; };
		94F3055B294CF5DB00033495 /* AssemblyBuilder.swift in Sources */ = {isa = PBXBuildFile; fileRef = 94F3055A294CF5DB00033495 /* AssemblyBuilder.swift */; };
		94F3055D294CF6A500033495 /* AssemblyBuilderImpl.swift in Sources */ = {isa = PBXBuildFile; fileRef = 94F3055C294CF6A500033495 /* AssemblyBuilderImpl.swift */; };
		94F30564294CFE5300033495 /* BaseViewSetup.swift in Sources */ = {isa = PBXBuildFile; fileRef = 94F30563294CFE5300033495 /* BaseViewSetup.swift */; };
		94F30566294CFEAD00033495 /* BaseViewController.swift in Sources */ = {isa = PBXBuildFile; fileRef = 94F30565294CFEAD00033495 /* BaseViewController.swift */; };
		94F30568294CFFA600033495 /* Resources.swift in Sources */ = {isa = PBXBuildFile; fileRef = 94F30567294CFFA600033495 /* Resources.swift */; };
		94F4652B294E65ED0019A1A9 /* WeatherAPIRoute.swift in Sources */ = {isa = PBXBuildFile; fileRef = 94F4652A294E65ED0019A1A9 /* WeatherAPIRoute.swift */; };
		94F4652D294E66AA0019A1A9 /* WeatherAPIServiceImpl.swift in Sources */ = {isa = PBXBuildFile; fileRef = 94F4652C294E66AA0019A1A9 /* WeatherAPIServiceImpl.swift */; };
		94F4652F294E69930019A1A9 /* Weather.swift in Sources */ = {isa = PBXBuildFile; fileRef = 94F4652E294E69930019A1A9 /* Weather.swift */; };
		94F46532294E6A1E0019A1A9 /* HTTPError.swift in Sources */ = {isa = PBXBuildFile; fileRef = 94F46531294E6A1E0019A1A9 /* HTTPError.swift */; };
		94F46534294E6B3E0019A1A9 /* WeatherHTTPBase.swift in Sources */ = {isa = PBXBuildFile; fileRef = 94F46533294E6B3E0019A1A9 /* WeatherHTTPBase.swift */; };
		94F46536294E6CCD0019A1A9 /* URLService.swift in Sources */ = {isa = PBXBuildFile; fileRef = 94F46535294E6CCD0019A1A9 /* URLService.swift */; };
		94F46538294E78130019A1A9 /* URLServiceImpl.swift in Sources */ = {isa = PBXBuildFile; fileRef = 94F46537294E78130019A1A9 /* URLServiceImpl.swift */; };
		94F4653C294E7D5E0019A1A9 /* Location.swift in Sources */ = {isa = PBXBuildFile; fileRef = 94F4653B294E7D5E0019A1A9 /* Location.swift */; };
		94F4653E294E7D720019A1A9 /* CurrentWeather.swift in Sources */ = {isa = PBXBuildFile; fileRef = 94F4653D294E7D720019A1A9 /* CurrentWeather.swift */; };
		94F46540294E7D910019A1A9 /* Forecast.swift in Sources */ = {isa = PBXBuildFile; fileRef = 94F4653F294E7D910019A1A9 /* Forecast.swift */; };
		94F46542294E7DCD0019A1A9 /* Hour.swift in Sources */ = {isa = PBXBuildFile; fileRef = 94F46541294E7DCD0019A1A9 /* Hour.swift */; };
		94F46544294E7DDB0019A1A9 /* Day.swift in Sources */ = {isa = PBXBuildFile; fileRef = 94F46543294E7DDB0019A1A9 /* Day.swift */; };
		94F46546294E87A80019A1A9 /* CurrentWeatherViewModelImpl.swift in Sources */ = {isa = PBXBuildFile; fileRef = 94F46545294E87A80019A1A9 /* CurrentWeatherViewModelImpl.swift */; };
		94F46548294E87BE0019A1A9 /* CurrentWeatherViewModel.swift in Sources */ = {isa = PBXBuildFile; fileRef = 94F46547294E87BE0019A1A9 /* CurrentWeatherViewModel.swift */; };
		94F4654D294E99380019A1A9 /* UITableViewCell + Ext.swift in Sources */ = {isa = PBXBuildFile; fileRef = 94F4654C294E99380019A1A9 /* UITableViewCell + Ext.swift */; };
		94F46551294E9B530019A1A9 /* WeatherDetailsTableViewCell.swift in Sources */ = {isa = PBXBuildFile; fileRef = 94F46550294E9B530019A1A9 /* WeatherDetailsTableViewCell.swift */; };
		94FB38A429631A1800B6A1CB /* LocationForecastViewController.swift in Sources */ = {isa = PBXBuildFile; fileRef = 94FB38A329631A1800B6A1CB /* LocationForecastViewController.swift */; };
		94FB38A629631B7400B6A1CB /* LocationForecastViewModelImpl.swift in Sources */ = {isa = PBXBuildFile; fileRef = 94FB38A529631B7400B6A1CB /* LocationForecastViewModelImpl.swift */; };
		94FB38A929631BB000B6A1CB /* LocationForecastViewModel.swift in Sources */ = {isa = PBXBuildFile; fileRef = 94FB38A829631BB000B6A1CB /* LocationForecastViewModel.swift */; };
		94FB38AB29631CAA00B6A1CB /* Coordinate.swift in Sources */ = {isa = PBXBuildFile; fileRef = 94FB38AA29631CAA00B6A1CB /* Coordinate.swift */; };
		94FB38AD296321EE00B6A1CB /* LocationForecastCoordinatorImpl.swift in Sources */ = {isa = PBXBuildFile; fileRef = 94FB38AC296321EE00B6A1CB /* LocationForecastCoordinatorImpl.swift */; };
		94FB38AF2963470A00B6A1CB /* City + Ext.swift in Sources */ = {isa = PBXBuildFile; fileRef = 94FB38AE2963470A00B6A1CB /* City + Ext.swift */; };
		94FB38B42963498F00B6A1CB /* LocationForecastCoordinator.swift in Sources */ = {isa = PBXBuildFile; fileRef = 94FB38B32963498F00B6A1CB /* LocationForecastCoordinator.swift */; };
		94FB38B629634B5D00B6A1CB /* MyLocationsCoordinator.swift in Sources */ = {isa = PBXBuildFile; fileRef = 94FB38B529634B5D00B6A1CB /* MyLocationsCoordinator.swift */; };
/* End PBXBuildFile section */

/* Begin PBXFileReference section */
		94085B5029574FE500FAF9A2 /* DayPeriod.swift */ = {isa = PBXFileReference; lastKnownFileType = sourcecode.swift; path = DayPeriod.swift; sourceTree = "<group>"; };
		9409E62D29660C2B00990EA7 /* UserDefaults + Ext.swift */ = {isa = PBXFileReference; lastKnownFileType = sourcecode.swift; path = "UserDefaults + Ext.swift"; sourceTree = "<group>"; };
		9409E6302966110200990EA7 /* SavedLocationForecastViewController.swift */ = {isa = PBXFileReference; lastKnownFileType = sourcecode.swift; path = SavedLocationForecastViewController.swift; sourceTree = "<group>"; };
		9409E6322966112600990EA7 /* SavedLocationWeatherViewModelImpl.swift */ = {isa = PBXFileReference; lastKnownFileType = sourcecode.swift; path = SavedLocationWeatherViewModelImpl.swift; sourceTree = "<group>"; };
		940DD924296612CE00A4A6E4 /* SavedLocationWeatherViewModel.swift */ = {isa = PBXFileReference; lastKnownFileType = sourcecode.swift; path = SavedLocationWeatherViewModel.swift; sourceTree = "<group>"; };
		940DD926296616D600A4A6E4 /* SavedLocationForecastCoordinatorImpl.swift */ = {isa = PBXFileReference; lastKnownFileType = sourcecode.swift; path = SavedLocationForecastCoordinatorImpl.swift; sourceTree = "<group>"; };
		940DD9282966189E00A4A6E4 /* SavedLocationForecastCoordinator.swift */ = {isa = PBXFileReference; lastKnownFileType = sourcecode.swift; path = SavedLocationForecastCoordinator.swift; sourceTree = "<group>"; };
		940DD92A29661A0200A4A6E4 /* CurrentLocationForecastCoordinator.swift */ = {isa = PBXFileReference; lastKnownFileType = sourcecode.swift; path = CurrentLocationForecastCoordinator.swift; sourceTree = "<group>"; };
		9413F5E6294F52B900D011F3 /* LowHighWeatherTemperaturesView.swift */ = {isa = PBXFileReference; lastKnownFileType = sourcecode.swift; path = LowHighWeatherTemperaturesView.swift; sourceTree = "<group>"; };
		9413F5E8294F58BF00D011F3 /* UILabel + Ext.swift */ = {isa = PBXFileReference; lastKnownFileType = sourcecode.swift; path = "UILabel + Ext.swift"; sourceTree = "<group>"; };
		942165782962D94700CFE99C /* ForecastViewViewModel.swift */ = {isa = PBXFileReference; lastKnownFileType = sourcecode.swift; path = ForecastViewViewModel.swift; sourceTree = "<group>"; };
		9421657B2962DBB900CFE99C /* ForecastViewViewModelImpl.swift */ = {isa = PBXFileReference; lastKnownFileType = sourcecode.swift; path = ForecastViewViewModelImpl.swift; sourceTree = "<group>"; };
		942229D1294DDC0E0004FE52 /* CurrentWeatherView.swift */ = {isa = PBXFileReference; lastKnownFileType = sourcecode.swift; path = CurrentWeatherView.swift; sourceTree = "<group>"; };
		942229D3294DDC3E0004FE52 /* BaseView.swift */ = {isa = PBXFileReference; lastKnownFileType = sourcecode.swift; path = BaseView.swift; sourceTree = "<group>"; };
		942229D6294DDD080004FE52 /* UIView + Ext.swift */ = {isa = PBXFileReference; lastKnownFileType = sourcecode.swift; path = "UIView + Ext.swift"; sourceTree = "<group>"; };
		942229DB294DE1160004FE52 /* UIStackView + Ext.swift */ = {isa = PBXFileReference; lastKnownFileType = sourcecode.swift; path = "UIStackView + Ext.swift"; sourceTree = "<group>"; };
		942229DD294DFC7B0004FE52 /* CurrentLocationForecastViewModelImpl.swift */ = {isa = PBXFileReference; lastKnownFileType = sourcecode.swift; path = CurrentLocationForecastViewModelImpl.swift; sourceTree = "<group>"; };
		942229E0294DFCAE0004FE52 /* CurrentLocationForecastViewModel.swift */ = {isa = PBXFileReference; lastKnownFileType = sourcecode.swift; path = CurrentLocationForecastViewModel.swift; sourceTree = "<group>"; };
		942229E2294DFD150004FE52 /* ViewModelable.swift */ = {isa = PBXFileReference; lastKnownFileType = sourcecode.swift; path = ViewModelable.swift; sourceTree = "<group>"; };
		942229E5294E0D4F0004FE52 /* UserLocationManagerImpl.swift */ = {isa = PBXFileReference; lastKnownFileType = sourcecode.swift; path = UserLocationManagerImpl.swift; sourceTree = "<group>"; };
		942229E8294E0D760004FE52 /* UserLocationManager.swift */ = {isa = PBXFileReference; lastKnownFileType = sourcecode.swift; path = UserLocationManager.swift; sourceTree = "<group>"; };
		942229EB294E16950004FE52 /* WeatherInfoSegment.swift */ = {isa = PBXFileReference; lastKnownFileType = sourcecode.swift; path = WeatherInfoSegment.swift; sourceTree = "<group>"; };
		942229ED294E34210004FE52 /* WeatherAPIService.swift */ = {isa = PBXFileReference; lastKnownFileType = sourcecode.swift; path = WeatherAPIService.swift; sourceTree = "<group>"; };
		94496895296889DD00BE185F /* UserDefaultsKeys.swift */ = {isa = PBXFileReference; lastKnownFileType = sourcecode.swift; path = UserDefaultsKeys.swift; sourceTree = "<group>"; };
		9449689729688B1500BE185F /* Calendar + Ext.swift */ = {isa = PBXFileReference; lastKnownFileType = sourcecode.swift; path = "Calendar + Ext.swift"; sourceTree = "<group>"; };
		9456595129B670BD002322F6 /* MessageActionView.swift */ = {isa = PBXFileReference; lastKnownFileType = sourcecode.swift; path = MessageActionView.swift; sourceTree = "<group>"; };
		945DE8A82950FEC300D0F106 /* WeatherDetailsCellViewModelImpl.swift */ = {isa = PBXFileReference; lastKnownFileType = sourcecode.swift; path = WeatherDetailsCellViewModelImpl.swift; sourceTree = "<group>"; };
		945DE8AA2950FEDC00D0F106 /* WeatherDetailsCellViewModel.swift */ = {isa = PBXFileReference; lastKnownFileType = sourcecode.swift; path = WeatherDetailsCellViewModel.swift; sourceTree = "<group>"; };
		945DE8AC2950FF9200D0F106 /* WeatherDetails.swift */ = {isa = PBXFileReference; lastKnownFileType = sourcecode.swift; path = WeatherDetails.swift; sourceTree = "<group>"; };
		945DE8AF29510A0A00D0F106 /* Double + Ext.swift */ = {isa = PBXFileReference; lastKnownFileType = sourcecode.swift; path = "Double + Ext.swift"; sourceTree = "<group>"; };
		945DE8B129510D9E00D0F106 /* BaseTableViewCell.swift */ = {isa = PBXFileReference; lastKnownFileType = sourcecode.swift; path = BaseTableViewCell.swift; sourceTree = "<group>"; };
		945DE8B32951199000D0F106 /* LowHighWeatherTemperaturesViewModelImpl.swift */ = {isa = PBXFileReference; lastKnownFileType = sourcecode.swift; path = LowHighWeatherTemperaturesViewModelImpl.swift; sourceTree = "<group>"; };
		945DE8B5295119C800D0F106 /* LowHighWeatherTemperaturesViewModel.swift */ = {isa = PBXFileReference; lastKnownFileType = sourcecode.swift; path = LowHighWeatherTemperaturesViewModel.swift; sourceTree = "<group>"; };
		945DE8B729511C8F00D0F106 /* Publisher + Ext.swift */ = {isa = PBXFileReference; lastKnownFileType = sourcecode.swift; path = "Publisher + Ext.swift"; sourceTree = "<group>"; };
		945DE8B929511FFC00D0F106 /* TemperatureUnits.swift */ = {isa = PBXFileReference; lastKnownFileType = sourcecode.swift; path = TemperatureUnits.swift; sourceTree = "<group>"; };
		9469DC6829532E9E00B73F10 /* LocationError.swift */ = {isa = PBXFileReference; lastKnownFileType = sourcecode.swift; path = LocationError.swift; sourceTree = "<group>"; };
		9477A07B2956EA1F00C39ADC /* HourlyForecastTableViewCell.swift */ = {isa = PBXFileReference; lastKnownFileType = sourcecode.swift; path = HourlyForecastTableViewCell.swift; sourceTree = "<group>"; };
		9477A0862957050A00C39ADC /* HourlyForecastCellViewModelImpl.swift */ = {isa = PBXFileReference; lastKnownFileType = sourcecode.swift; path = HourlyForecastCellViewModelImpl.swift; sourceTree = "<group>"; };
		9477A0882957052D00C39ADC /* HourlyForecastCellViewModel.swift */ = {isa = PBXFileReference; lastKnownFileType = sourcecode.swift; path = HourlyForecastCellViewModel.swift; sourceTree = "<group>"; };
		947B35DD294FB00D001DF032 /* AccessKeysHelper.swift */ = {isa = PBXFileReference; lastKnownFileType = sourcecode.swift; path = AccessKeysHelper.swift; sourceTree = "<group>"; };
		9485B5702955DB890084AAC2 /* DailyForecastTableViewCell.swift */ = {isa = PBXFileReference; lastKnownFileType = sourcecode.swift; path = DailyForecastTableViewCell.swift; sourceTree = "<group>"; };
		9485B5722955E2780084AAC2 /* DailyForecastCellViewModelImpl.swift */ = {isa = PBXFileReference; lastKnownFileType = sourcecode.swift; path = DailyForecastCellViewModelImpl.swift; sourceTree = "<group>"; };
		9485B5742955E2B20084AAC2 /* DailyForecastCellViewModel.swift */ = {isa = PBXFileReference; lastKnownFileType = sourcecode.swift; path = DailyForecastCellViewModel.swift; sourceTree = "<group>"; };
		9485B578295602B30084AAC2 /* String + Ext.swift */ = {isa = PBXFileReference; lastKnownFileType = sourcecode.swift; path = "String + Ext.swift"; sourceTree = "<group>"; };
		9485B57A295603640084AAC2 /* Date + Ext.swift */ = {isa = PBXFileReference; lastKnownFileType = sourcecode.swift; path = "Date + Ext.swift"; sourceTree = "<group>"; };
		9485B57C2956047D0084AAC2 /* DateFormat.swift */ = {isa = PBXFileReference; lastKnownFileType = sourcecode.swift; path = DateFormat.swift; sourceTree = "<group>"; };
		9485B57E29560DEC0084AAC2 /* DateFormatter + Ext.swift */ = {isa = PBXFileReference; lastKnownFileType = sourcecode.swift; path = "DateFormatter + Ext.swift"; sourceTree = "<group>"; };
		9490EB5029607EEB00E17745 /* ForecastView.swift */ = {isa = PBXFileReference; lastKnownFileType = sourcecode.swift; path = ForecastView.swift; sourceTree = "<group>"; };
		9493D9E72961678600D72480 /* WeatherDetailsCollectionViewCell.swift */ = {isa = PBXFileReference; lastKnownFileType = sourcecode.swift; path = WeatherDetailsCollectionViewCell.swift; sourceTree = "<group>"; };
		9493D9EB29616A1F00D72480 /* HourlyForecastCollectionViewCell.swift */ = {isa = PBXFileReference; lastKnownFileType = sourcecode.swift; path = HourlyForecastCollectionViewCell.swift; sourceTree = "<group>"; };
		9493D9EE29616AA400D72480 /* DailyForecastCollectionViewCell.swift */ = {isa = PBXFileReference; lastKnownFileType = sourcecode.swift; path = DailyForecastCollectionViewCell.swift; sourceTree = "<group>"; };
		9493D9F02961717400D72480 /* DailyForecastCollectionViewCellViewModelImpl.swift */ = {isa = PBXFileReference; lastKnownFileType = sourcecode.swift; path = DailyForecastCollectionViewCellViewModelImpl.swift; sourceTree = "<group>"; };
		9493D9F22961719E00D72480 /* HorlyForecastCollectionViewCellViewModelImpl.swift */ = {isa = PBXFileReference; lastKnownFileType = sourcecode.swift; path = HorlyForecastCollectionViewCellViewModelImpl.swift; sourceTree = "<group>"; };
		9493D9F4296171DA00D72480 /* WeatherDetailsCollectionViewCellViewModelImpl.swift */ = {isa = PBXFileReference; lastKnownFileType = sourcecode.swift; path = WeatherDetailsCollectionViewCellViewModelImpl.swift; sourceTree = "<group>"; };
		9493D9F62961733B00D72480 /* WeatherDetailsCollectionViewCellViewModel.swift */ = {isa = PBXFileReference; lastKnownFileType = sourcecode.swift; path = WeatherDetailsCollectionViewCellViewModel.swift; sourceTree = "<group>"; };
		9493D9F82961758400D72480 /* HourlyForecastCollectionViewCellViewModel.swift */ = {isa = PBXFileReference; lastKnownFileType = sourcecode.swift; path = HourlyForecastCollectionViewCellViewModel.swift; sourceTree = "<group>"; };
		9493D9FA296176AC00D72480 /* DailyForecastCollectionViewCellViewModel.swift */ = {isa = PBXFileReference; lastKnownFileType = sourcecode.swift; path = DailyForecastCollectionViewCellViewModel.swift; sourceTree = "<group>"; };
		949BEFBF29655AB600F2A5CD /* LocationCollectionViewCellViewModelImpl.swift */ = {isa = PBXFileReference; lastKnownFileType = sourcecode.swift; path = LocationCollectionViewCellViewModelImpl.swift; sourceTree = "<group>"; };
		949BEFC129655B0800F2A5CD /* LocationCollectionViewCellViewModel.swift */ = {isa = PBXFileReference; lastKnownFileType = sourcecode.swift; path = LocationCollectionViewCellViewModel.swift; sourceTree = "<group>"; };
		949BEFC3296567D000F2A5CD /* TemperatureConvertable.swift */ = {isa = PBXFileReference; lastKnownFileType = sourcecode.swift; path = TemperatureConvertable.swift; sourceTree = "<group>"; };
		949BEFC52965779F00F2A5CD /* NotificationName + Ext.swift */ = {isa = PBXFileReference; lastKnownFileType = sourcecode.swift; path = "NotificationName + Ext.swift"; sourceTree = "<group>"; };
		949C4C55295DFFE60059393C /* MainTabBarController.swift */ = {isa = PBXFileReference; lastKnownFileType = sourcecode.swift; path = MainTabBarController.swift; sourceTree = "<group>"; };
		949C4C57295E06540059393C /* ApplicationCoordinator.swift */ = {isa = PBXFileReference; lastKnownFileType = sourcecode.swift; path = ApplicationCoordinator.swift; sourceTree = "<group>"; };
		949C4C59295E06880059393C /* BaseCoordinator.swift */ = {isa = PBXFileReference; lastKnownFileType = sourcecode.swift; path = BaseCoordinator.swift; sourceTree = "<group>"; };
		949C4C5B295E08A50059393C /* CurrentLocationForecastCoordinatorImpl.swift */ = {isa = PBXFileReference; lastKnownFileType = sourcecode.swift; path = CurrentLocationForecastCoordinatorImpl.swift; sourceTree = "<group>"; };
		949C4C5D295E09CF0059393C /* MyLocationsCoordinatorImpl.swift */ = {isa = PBXFileReference; lastKnownFileType = sourcecode.swift; path = MyLocationsCoordinatorImpl.swift; sourceTree = "<group>"; };
		949C4C60295E0B610059393C /* MyLocationsViewController.swift */ = {isa = PBXFileReference; lastKnownFileType = sourcecode.swift; path = MyLocationsViewController.swift; sourceTree = "<group>"; };
		949C4C66295E195C0059393C /* UIColor + Ext.swift */ = {isa = PBXFileReference; lastKnownFileType = sourcecode.swift; path = "UIColor + Ext.swift"; sourceTree = "<group>"; };
		94B9326B29577BD3005F378A /* UIImageView + Ext.swift */ = {isa = PBXFileReference; lastKnownFileType = sourcecode.swift; path = "UIImageView + Ext.swift"; sourceTree = "<group>"; };
		94C4218729536BFD00ECCBD8 /* TemperatureView.swift */ = {isa = PBXFileReference; lastKnownFileType = sourcecode.swift; path = TemperatureView.swift; sourceTree = "<group>"; };
		94C4218929536D8B00ECCBD8 /* Int + Ext.swift */ = {isa = PBXFileReference; lastKnownFileType = sourcecode.swift; path = "Int + Ext.swift"; sourceTree = "<group>"; };
		94C4218D29536ED400ECCBD8 /* Temperature.swift */ = {isa = PBXFileReference; lastKnownFileType = sourcecode.swift; path = Temperature.swift; sourceTree = "<group>"; };
		94E589A129562D1100D233CE /* DailyForecastHeaderView.swift */ = {isa = PBXFileReference; lastKnownFileType = sourcecode.swift; path = DailyForecastHeaderView.swift; sourceTree = "<group>"; };
		94E6CD3D295F108F005440B7 /* Astro.swift */ = {isa = PBXFileReference; lastKnownFileType = sourcecode.swift; path = Astro.swift; sourceTree = "<group>"; };
		94E6CD3F295F10AF005440B7 /* Condition.swift */ = {isa = PBXFileReference; lastKnownFileType = sourcecode.swift; path = Condition.swift; sourceTree = "<group>"; };
		94E6CD43295F1B63005440B7 /* LocationCollectionViewCell.swift */ = {isa = PBXFileReference; lastKnownFileType = sourcecode.swift; path = LocationCollectionViewCell.swift; sourceTree = "<group>"; };
		94E6CD45295F1BB3005440B7 /* UICollectionViewCell + Ext.swift */ = {isa = PBXFileReference; lastKnownFileType = sourcecode.swift; path = "UICollectionViewCell + Ext.swift"; sourceTree = "<group>"; };
		94E6CD47295F1C3B005440B7 /* BaseCollectionViewCell.swift */ = {isa = PBXFileReference; lastKnownFileType = sourcecode.swift; path = BaseCollectionViewCell.swift; sourceTree = "<group>"; };
		94E6CD49295F35B8005440B7 /* City.swift */ = {isa = PBXFileReference; lastKnownFileType = sourcecode.swift; path = City.swift; sourceTree = "<group>"; };
		94E6CD4B295F3F65005440B7 /* MyLocationsViewModelImpl.swift */ = {isa = PBXFileReference; lastKnownFileType = sourcecode.swift; path = MyLocationsViewModelImpl.swift; sourceTree = "<group>"; };
		94E6CD4D295F3F8F005440B7 /* MyLocationsViewModel.swift */ = {isa = PBXFileReference; lastKnownFileType = sourcecode.swift; path = MyLocationsViewModel.swift; sourceTree = "<group>"; };
		94E6CD4F295F4766005440B7 /* LocationsSearchResultsController.swift */ = {isa = PBXFileReference; lastKnownFileType = sourcecode.swift; path = LocationsSearchResultsController.swift; sourceTree = "<group>"; };
		94E6CD52295F479E005440B7 /* LocationsSearchResultsViewModelImpl.swift */ = {isa = PBXFileReference; lastKnownFileType = sourcecode.swift; path = LocationsSearchResultsViewModelImpl.swift; sourceTree = "<group>"; };
		94E6CD54295F47C3005440B7 /* LocationsSearchResultsViewModel.swift */ = {isa = PBXFileReference; lastKnownFileType = sourcecode.swift; path = LocationsSearchResultsViewModel.swift; sourceTree = "<group>"; };
		94F30521294CE79B00033495 /* Skycast.app */ = {isa = PBXFileReference; explicitFileType = wrapper.application; includeInIndex = 0; path = Skycast.app; sourceTree = BUILT_PRODUCTS_DIR; };
		94F30524294CE79B00033495 /* AppDelegate.swift */ = {isa = PBXFileReference; lastKnownFileType = sourcecode.swift; path = AppDelegate.swift; sourceTree = "<group>"; };
		94F30526294CE79B00033495 /* SceneDelegate.swift */ = {isa = PBXFileReference; lastKnownFileType = sourcecode.swift; path = SceneDelegate.swift; sourceTree = "<group>"; };
		94F30528294CE79B00033495 /* CurrentLocationForecastViewController.swift */ = {isa = PBXFileReference; lastKnownFileType = sourcecode.swift; path = CurrentLocationForecastViewController.swift; sourceTree = "<group>"; };
		94F3052D294CE79B00033495 /* Assets.xcassets */ = {isa = PBXFileReference; lastKnownFileType = folder.assetcatalog; path = Assets.xcassets; sourceTree = "<group>"; };
		94F30530294CE79B00033495 /* Base */ = {isa = PBXFileReference; lastKnownFileType = file.storyboard; name = Base; path = Base.lproj/LaunchScreen.storyboard; sourceTree = "<group>"; };
		94F30532294CE79B00033495 /* Info.plist */ = {isa = PBXFileReference; lastKnownFileType = text.plist.xml; path = Info.plist; sourceTree = "<group>"; };
		94F3053C294CE8C100033495 /* DI.swift */ = {isa = PBXFileReference; lastKnownFileType = sourcecode.swift; path = DI.swift; sourceTree = "<group>"; };
		94F30541294CE8FD00033495 /* AppFactory.swift */ = {isa = PBXFileReference; lastKnownFileType = sourcecode.swift; path = AppFactory.swift; sourceTree = "<group>"; };
		94F30543294CE9ED00033495 /* Coordinator.swift */ = {isa = PBXFileReference; lastKnownFileType = sourcecode.swift; path = Coordinator.swift; sourceTree = "<group>"; };
		94F30546294CEA9E00033495 /* CoordinatorsFactory.swift */ = {isa = PBXFileReference; lastKnownFileType = sourcecode.swift; path = CoordinatorsFactory.swift; sourceTree = "<group>"; };
		94F3054B294CEC1100033495 /* Router.swift */ = {isa = PBXFileReference; lastKnownFileType = sourcecode.swift; path = Router.swift; sourceTree = "<group>"; };
		94F3054D294CEC2D00033495 /* Presentable.swift */ = {isa = PBXFileReference; lastKnownFileType = sourcecode.swift; path = Presentable.swift; sourceTree = "<group>"; };
		94F30552294CEFC700033495 /* Closures.swift */ = {isa = PBXFileReference; lastKnownFileType = sourcecode.swift; path = Closures.swift; sourceTree = "<group>"; };
		94F30554294CF05500033495 /* RouterImpl.swift */ = {isa = PBXFileReference; lastKnownFileType = sourcecode.swift; path = RouterImpl.swift; sourceTree = "<group>"; };
		94F30556294CF3E000033495 /* UIViewController + Ext.swift */ = {isa = PBXFileReference; lastKnownFileType = sourcecode.swift; path = "UIViewController + Ext.swift"; sourceTree = "<group>"; };
		94F30558294CF52600033495 /* CoordinatorsFactoryImpl.swift */ = {isa = PBXFileReference; lastKnownFileType = sourcecode.swift; path = CoordinatorsFactoryImpl.swift; sourceTree = "<group>"; };
		94F3055A294CF5DB00033495 /* AssemblyBuilder.swift */ = {isa = PBXFileReference; lastKnownFileType = sourcecode.swift; path = AssemblyBuilder.swift; sourceTree = "<group>"; };
		94F3055C294CF6A500033495 /* AssemblyBuilderImpl.swift */ = {isa = PBXFileReference; lastKnownFileType = sourcecode.swift; path = AssemblyBuilderImpl.swift; sourceTree = "<group>"; };
		94F30563294CFE5300033495 /* BaseViewSetup.swift */ = {isa = PBXFileReference; lastKnownFileType = sourcecode.swift; path = BaseViewSetup.swift; sourceTree = "<group>"; };
		94F30565294CFEAD00033495 /* BaseViewController.swift */ = {isa = PBXFileReference; lastKnownFileType = sourcecode.swift; path = BaseViewController.swift; sourceTree = "<group>"; };
		94F30567294CFFA600033495 /* Resources.swift */ = {isa = PBXFileReference; lastKnownFileType = sourcecode.swift; path = Resources.swift; sourceTree = "<group>"; };
		94F4652A294E65ED0019A1A9 /* WeatherAPIRoute.swift */ = {isa = PBXFileReference; lastKnownFileType = sourcecode.swift; path = WeatherAPIRoute.swift; sourceTree = "<group>"; };
		94F4652C294E66AA0019A1A9 /* WeatherAPIServiceImpl.swift */ = {isa = PBXFileReference; lastKnownFileType = sourcecode.swift; path = WeatherAPIServiceImpl.swift; sourceTree = "<group>"; };
		94F4652E294E69930019A1A9 /* Weather.swift */ = {isa = PBXFileReference; lastKnownFileType = sourcecode.swift; path = Weather.swift; sourceTree = "<group>"; };
		94F46531294E6A1E0019A1A9 /* HTTPError.swift */ = {isa = PBXFileReference; lastKnownFileType = sourcecode.swift; path = HTTPError.swift; sourceTree = "<group>"; };
		94F46533294E6B3E0019A1A9 /* WeatherHTTPBase.swift */ = {isa = PBXFileReference; lastKnownFileType = sourcecode.swift; path = WeatherHTTPBase.swift; sourceTree = "<group>"; };
		94F46535294E6CCD0019A1A9 /* URLService.swift */ = {isa = PBXFileReference; lastKnownFileType = sourcecode.swift; path = URLService.swift; sourceTree = "<group>"; };
		94F46537294E78130019A1A9 /* URLServiceImpl.swift */ = {isa = PBXFileReference; lastKnownFileType = sourcecode.swift; path = URLServiceImpl.swift; sourceTree = "<group>"; };
		94F4653B294E7D5E0019A1A9 /* Location.swift */ = {isa = PBXFileReference; lastKnownFileType = sourcecode.swift; path = Location.swift; sourceTree = "<group>"; };
		94F4653D294E7D720019A1A9 /* CurrentWeather.swift */ = {isa = PBXFileReference; lastKnownFileType = sourcecode.swift; path = CurrentWeather.swift; sourceTree = "<group>"; };
		94F4653F294E7D910019A1A9 /* Forecast.swift */ = {isa = PBXFileReference; lastKnownFileType = sourcecode.swift; path = Forecast.swift; sourceTree = "<group>"; };
		94F46541294E7DCD0019A1A9 /* Hour.swift */ = {isa = PBXFileReference; lastKnownFileType = sourcecode.swift; path = Hour.swift; sourceTree = "<group>"; };
		94F46543294E7DDB0019A1A9 /* Day.swift */ = {isa = PBXFileReference; lastKnownFileType = sourcecode.swift; path = Day.swift; sourceTree = "<group>"; };
		94F46545294E87A80019A1A9 /* CurrentWeatherViewModelImpl.swift */ = {isa = PBXFileReference; lastKnownFileType = sourcecode.swift; path = CurrentWeatherViewModelImpl.swift; sourceTree = "<group>"; };
		94F46547294E87BE0019A1A9 /* CurrentWeatherViewModel.swift */ = {isa = PBXFileReference; lastKnownFileType = sourcecode.swift; path = CurrentWeatherViewModel.swift; sourceTree = "<group>"; };
		94F4654C294E99380019A1A9 /* UITableViewCell + Ext.swift */ = {isa = PBXFileReference; lastKnownFileType = sourcecode.swift; path = "UITableViewCell + Ext.swift"; sourceTree = "<group>"; };
		94F46550294E9B530019A1A9 /* WeatherDetailsTableViewCell.swift */ = {isa = PBXFileReference; lastKnownFileType = sourcecode.swift; path = WeatherDetailsTableViewCell.swift; sourceTree = "<group>"; };
		94FB38A329631A1800B6A1CB /* LocationForecastViewController.swift */ = {isa = PBXFileReference; lastKnownFileType = sourcecode.swift; path = LocationForecastViewController.swift; sourceTree = "<group>"; };
		94FB38A529631B7400B6A1CB /* LocationForecastViewModelImpl.swift */ = {isa = PBXFileReference; lastKnownFileType = sourcecode.swift; path = LocationForecastViewModelImpl.swift; sourceTree = "<group>"; };
		94FB38A829631BB000B6A1CB /* LocationForecastViewModel.swift */ = {isa = PBXFileReference; lastKnownFileType = sourcecode.swift; path = LocationForecastViewModel.swift; sourceTree = "<group>"; };
		94FB38AA29631CAA00B6A1CB /* Coordinate.swift */ = {isa = PBXFileReference; lastKnownFileType = sourcecode.swift; path = Coordinate.swift; sourceTree = "<group>"; };
		94FB38AC296321EE00B6A1CB /* LocationForecastCoordinatorImpl.swift */ = {isa = PBXFileReference; lastKnownFileType = sourcecode.swift; path = LocationForecastCoordinatorImpl.swift; sourceTree = "<group>"; };
		94FB38AE2963470A00B6A1CB /* City + Ext.swift */ = {isa = PBXFileReference; lastKnownFileType = sourcecode.swift; path = "City + Ext.swift"; sourceTree = "<group>"; };
		94FB38B32963498F00B6A1CB /* LocationForecastCoordinator.swift */ = {isa = PBXFileReference; lastKnownFileType = sourcecode.swift; path = LocationForecastCoordinator.swift; sourceTree = "<group>"; };
		94FB38B529634B5D00B6A1CB /* MyLocationsCoordinator.swift */ = {isa = PBXFileReference; lastKnownFileType = sourcecode.swift; path = MyLocationsCoordinator.swift; sourceTree = "<group>"; };
/* End PBXFileReference section */

/* Begin PBXFrameworksBuildPhase section */
		94F3051E294CE79B00033495 /* Frameworks */ = {
			isa = PBXFrameworksBuildPhase;
			buildActionMask = 2147483647;
			files = (
			);
			runOnlyForDeploymentPostprocessing = 0;
		};
/* End PBXFrameworksBuildPhase section */

/* Begin PBXGroup section */
		9409E62F2966107B00990EA7 /* SavedLocationWeather */ = {
			isa = PBXGroup;
			children = (
				9409E6302966110200990EA7 /* SavedLocationForecastViewController.swift */,
				9409E6322966112600990EA7 /* SavedLocationWeatherViewModelImpl.swift */,
			);
			path = SavedLocationWeather;
			sourceTree = "<group>";
		};
		9421657A2962DB4400CFE99C /* ForecastView */ = {
			isa = PBXGroup;
			children = (
				9490EB5029607EEB00E17745 /* ForecastView.swift */,
				9421657B2962DBB900CFE99C /* ForecastViewViewModelImpl.swift */,
			);
			path = ForecastView;
			sourceTree = "<group>";
		};
		942229D0294DDC010004FE52 /* Views */ = {
			isa = PBXGroup;
			children = (
				94C4218729536BFD00ECCBD8 /* TemperatureView.swift */,
				9493D9E62961676900D72480 /* CollectionViewCells */,
				946829C22962E654008317C2 /* WeatherTableView */,
				947B35DA294FAF26001DF032 /* CurrentWeather */,
			);
			path = Views;
			sourceTree = "<group>";
		};
		942229D5294DDC420004FE52 /* Views */ = {
			isa = PBXGroup;
			children = (
				9421657A2962DB4400CFE99C /* ForecastView */,
				942229D3294DDC3E0004FE52 /* BaseView.swift */,
				945DE8B129510D9E00D0F106 /* BaseTableViewCell.swift */,
				94E6CD47295F1C3B005440B7 /* BaseCollectionViewCell.swift */,
				9456595129B670BD002322F6 /* MessageActionView.swift */,
			);
			path = Views;
			sourceTree = "<group>";
		};
		942229D8294DDD0B0004FE52 /* UIKit */ = {
			isa = PBXGroup;
			children = (
				94F30556294CF3E000033495 /* UIViewController + Ext.swift */,
				942229D6294DDD080004FE52 /* UIView + Ext.swift */,
				942229DB294DE1160004FE52 /* UIStackView + Ext.swift */,
				94F4654C294E99380019A1A9 /* UITableViewCell + Ext.swift */,
				9413F5E8294F58BF00D011F3 /* UILabel + Ext.swift */,
				94B9326B29577BD3005F378A /* UIImageView + Ext.swift */,
				949C4C66295E195C0059393C /* UIColor + Ext.swift */,
				94E6CD45295F1BB3005440B7 /* UICollectionViewCell + Ext.swift */,
			);
			path = UIKit;
			sourceTree = "<group>";
		};
		942229DF294DFC930004FE52 /* ViewModels */ = {
			isa = PBXGroup;
			children = (
				946829BE2962E410008317C2 /* Modules */,
				946829C12962E469008317C2 /* Views */,
				946829C02962E445008317C2 /* CollectionViewCells */,
				946829BF2962E42E008317C2 /* TableViewCells */,
			);
			path = ViewModels;
			sourceTree = "<group>";
		};
		942229E4294E0D330004FE52 /* Services */ = {
			isa = PBXGroup;
			children = (
				942229E5294E0D4F0004FE52 /* UserLocationManagerImpl.swift */,
				94F4652C294E66AA0019A1A9 /* WeatherAPIServiceImpl.swift */,
				94F46537294E78130019A1A9 /* URLServiceImpl.swift */,
			);
			path = Services;
			sourceTree = "<group>";
		};
		942229E7294E0D600004FE52 /* Services */ = {
			isa = PBXGroup;
			children = (
				942229E8294E0D760004FE52 /* UserLocationManager.swift */,
				942229ED294E34210004FE52 /* WeatherAPIService.swift */,
				94F46535294E6CCD0019A1A9 /* URLService.swift */,
			);
			path = Services;
			sourceTree = "<group>";
		};
		942229EA294E16860004FE52 /* Enums */ = {
			isa = PBXGroup;
			children = (
				945DE8AE2950FFAA00D0F106 /* Networking */,
				942229EB294E16950004FE52 /* WeatherInfoSegment.swift */,
				945DE8AC2950FF9200D0F106 /* WeatherDetails.swift */,
				945DE8B929511FFC00D0F106 /* TemperatureUnits.swift */,
				9485B57C2956047D0084AAC2 /* DateFormat.swift */,
				94085B5029574FE500FAF9A2 /* DayPeriod.swift */,
				94496895296889DD00BE185F /* UserDefaultsKeys.swift */,
			);
			path = Enums;
			sourceTree = "<group>";
		};
		945DE8AE2950FFAA00D0F106 /* Networking */ = {
			isa = PBXGroup;
			children = (
				9469DC6829532E9E00B73F10 /* LocationError.swift */,
				94F46533294E6B3E0019A1A9 /* WeatherHTTPBase.swift */,
				94F4652A294E65ED0019A1A9 /* WeatherAPIRoute.swift */,
				94F46531294E6A1E0019A1A9 /* HTTPError.swift */,
			);
			path = Networking;
			sourceTree = "<group>";
		};
		946829BE2962E410008317C2 /* Modules */ = {
			isa = PBXGroup;
			children = (
				942229E0294DFCAE0004FE52 /* CurrentLocationForecastViewModel.swift */,
				94FB38A829631BB000B6A1CB /* LocationForecastViewModel.swift */,
				940DD924296612CE00A4A6E4 /* SavedLocationWeatherViewModel.swift */,
			);
			path = Modules;
			sourceTree = "<group>";
		};
		946829BF2962E42E008317C2 /* TableViewCells */ = {
			isa = PBXGroup;
			children = (
				9493D9F62961733B00D72480 /* WeatherDetailsCollectionViewCellViewModel.swift */,
				9493D9F82961758400D72480 /* HourlyForecastCollectionViewCellViewModel.swift */,
				9493D9FA296176AC00D72480 /* DailyForecastCollectionViewCellViewModel.swift */,
			);
			path = TableViewCells;
			sourceTree = "<group>";
		};
		946829C02962E445008317C2 /* CollectionViewCells */ = {
			isa = PBXGroup;
			children = (
				945DE8AA2950FEDC00D0F106 /* WeatherDetailsCellViewModel.swift */,
				9485B5742955E2B20084AAC2 /* DailyForecastCellViewModel.swift */,
				9477A0882957052D00C39ADC /* HourlyForecastCellViewModel.swift */,
				949BEFC129655B0800F2A5CD /* LocationCollectionViewCellViewModel.swift */,
			);
			path = CollectionViewCells;
			sourceTree = "<group>";
		};
		946829C12962E469008317C2 /* Views */ = {
			isa = PBXGroup;
			children = (
				94F46547294E87BE0019A1A9 /* CurrentWeatherViewModel.swift */,
				945DE8B5295119C800D0F106 /* LowHighWeatherTemperaturesViewModel.swift */,
				94E6CD4D295F3F8F005440B7 /* MyLocationsViewModel.swift */,
				94E6CD54295F47C3005440B7 /* LocationsSearchResultsViewModel.swift */,
				942165782962D94700CFE99C /* ForecastViewViewModel.swift */,
			);
			path = Views;
			sourceTree = "<group>";
		};
		946829C22962E654008317C2 /* WeatherTableView */ = {
			isa = PBXGroup;
			children = (
				94F46549294E98B10019A1A9 /* TableViewCells */,
				94E5899F29562CD400D233CE /* TableViewHeaders */,
			);
			path = WeatherTableView;
			sourceTree = "<group>";
		};
		9477A07A2956E9F400C39ADC /* HourlyForecastCell */ = {
			isa = PBXGroup;
			children = (
				9477A07B2956EA1F00C39ADC /* HourlyForecastTableViewCell.swift */,
				9477A0862957050A00C39ADC /* HourlyForecastCellViewModelImpl.swift */,
			);
			path = HourlyForecastCell;
			sourceTree = "<group>";
		};
		9477A0842956EE0B00C39ADC /* Weather */ = {
			isa = PBXGroup;
			children = (
				94F4652E294E69930019A1A9 /* Weather.swift */,
				94F4653B294E7D5E0019A1A9 /* Location.swift */,
				94F4653D294E7D720019A1A9 /* CurrentWeather.swift */,
				94F4653F294E7D910019A1A9 /* Forecast.swift */,
				94F46541294E7DCD0019A1A9 /* Hour.swift */,
				94F46543294E7DDB0019A1A9 /* Day.swift */,
				94E6CD3D295F108F005440B7 /* Astro.swift */,
				94E6CD3F295F10AF005440B7 /* Condition.swift */,
				94E6CD49295F35B8005440B7 /* City.swift */,
			);
			path = Weather;
			sourceTree = "<group>";
		};
		9477A0852956EE1400C39ADC /* Auxiliary */ = {
			isa = PBXGroup;
			children = (
				94C4218D29536ED400ECCBD8 /* Temperature.swift */,
			);
			path = Auxiliary;
			sourceTree = "<group>";
		};
		947B35D9294FAF08001DF032 /* LowHighWeatherTemperaturesView */ = {
			isa = PBXGroup;
			children = (
				9413F5E6294F52B900D011F3 /* LowHighWeatherTemperaturesView.swift */,
				945DE8B32951199000D0F106 /* LowHighWeatherTemperaturesViewModelImpl.swift */,
			);
			path = LowHighWeatherTemperaturesView;
			sourceTree = "<group>";
		};
		947B35DA294FAF26001DF032 /* CurrentWeather */ = {
			isa = PBXGroup;
			children = (
				942229D1294DDC0E0004FE52 /* CurrentWeatherView.swift */,
				94F46545294E87A80019A1A9 /* CurrentWeatherViewModelImpl.swift */,
			);
			path = CurrentWeather;
			sourceTree = "<group>";
		};
		9485B56F2955DB620084AAC2 /* DailyForecastCell */ = {
			isa = PBXGroup;
			children = (
				9485B5702955DB890084AAC2 /* DailyForecastTableViewCell.swift */,
				9485B5722955E2780084AAC2 /* DailyForecastCellViewModelImpl.swift */,
			);
			path = DailyForecastCell;
			sourceTree = "<group>";
		};
		9493D9E62961676900D72480 /* CollectionViewCells */ = {
			isa = PBXGroup;
			children = (
				9493D9E9296169DC00D72480 /* WeatherDetailsCollectionViewCell */,
				9493D9EA296169EE00D72480 /* HourlyForecastCollectionViewCell */,
				9493D9ED29616A8600D72480 /* DailyForecastCollectionViewCell */,
			);
			path = CollectionViewCells;
			sourceTree = "<group>";
		};
		9493D9E9296169DC00D72480 /* WeatherDetailsCollectionViewCell */ = {
			isa = PBXGroup;
			children = (
				9493D9E72961678600D72480 /* WeatherDetailsCollectionViewCell.swift */,
				9493D9F4296171DA00D72480 /* WeatherDetailsCollectionViewCellViewModelImpl.swift */,
			);
			path = WeatherDetailsCollectionViewCell;
			sourceTree = "<group>";
		};
		9493D9EA296169EE00D72480 /* HourlyForecastCollectionViewCell */ = {
			isa = PBXGroup;
			children = (
				9493D9EB29616A1F00D72480 /* HourlyForecastCollectionViewCell.swift */,
				9493D9F22961719E00D72480 /* HorlyForecastCollectionViewCellViewModelImpl.swift */,
			);
			path = HourlyForecastCollectionViewCell;
			sourceTree = "<group>";
		};
		9493D9ED29616A8600D72480 /* DailyForecastCollectionViewCell */ = {
			isa = PBXGroup;
			children = (
				9493D9EE29616AA400D72480 /* DailyForecastCollectionViewCell.swift */,
				9493D9F02961717400D72480 /* DailyForecastCollectionViewCellViewModelImpl.swift */,
			);
			path = DailyForecastCollectionViewCell;
			sourceTree = "<group>";
		};
		949C4C5F295E0B480059393C /* MyLocations */ = {
			isa = PBXGroup;
			children = (
				94E6CD51295F4781005440B7 /* LocationsSearchResult */,
				949C4C62295E16430059393C /* Views */,
				949C4C60295E0B610059393C /* MyLocationsViewController.swift */,
				94E6CD4B295F3F65005440B7 /* MyLocationsViewModelImpl.swift */,
			);
			path = MyLocations;
			sourceTree = "<group>";
		};
		949C4C62295E16430059393C /* Views */ = {
			isa = PBXGroup;
			children = (
				949C4C63295E164D0059393C /* LocationCollectionViewCell */,
			);
			path = Views;
			sourceTree = "<group>";
		};
		949C4C63295E164D0059393C /* LocationCollectionViewCell */ = {
			isa = PBXGroup;
			children = (
				94E6CD43295F1B63005440B7 /* LocationCollectionViewCell.swift */,
				949BEFBF29655AB600F2A5CD /* LocationCollectionViewCellViewModelImpl.swift */,
			);
			path = LocationCollectionViewCell;
			sourceTree = "<group>";
		};
		94E5899F29562CD400D233CE /* TableViewHeaders */ = {
			isa = PBXGroup;
			children = (
				947B35D9294FAF08001DF032 /* LowHighWeatherTemperaturesView */,
				94E589A029562CE700D233CE /* DailyForecastHeaderView */,
			);
			path = TableViewHeaders;
			sourceTree = "<group>";
		};
		94E589A029562CE700D233CE /* DailyForecastHeaderView */ = {
			isa = PBXGroup;
			children = (
				94E589A129562D1100D233CE /* DailyForecastHeaderView.swift */,
			);
			path = DailyForecastHeaderView;
			sourceTree = "<group>";
		};
		94E6CD51295F4781005440B7 /* LocationsSearchResult */ = {
			isa = PBXGroup;
			children = (
				94E6CD4F295F4766005440B7 /* LocationsSearchResultsController.swift */,
				94E6CD52295F479E005440B7 /* LocationsSearchResultsViewModelImpl.swift */,
			);
			path = LocationsSearchResult;
			sourceTree = "<group>";
		};
		94F30518294CE79B00033495 = {
			isa = PBXGroup;
			children = (
				94F30523294CE79B00033495 /* Skycast */,
				94F30522294CE79B00033495 /* Products */,
			);
			sourceTree = "<group>";
		};
		94F30522294CE79B00033495 /* Products */ = {
			isa = PBXGroup;
			children = (
				94F30521294CE79B00033495 /* Skycast.app */,
			);
			name = Products;
			sourceTree = "<group>";
		};
		94F30523294CE79B00033495 /* Skycast */ = {
			isa = PBXGroup;
			children = (
				94F30539294CE7E500033495 /* Application */,
				94F3053A294CE7FE00033495 /* Supporting */,
			);
			path = Skycast;
			sourceTree = "<group>";
		};
		94F30538294CE7B100033495 /* AppFiles */ = {
			isa = PBXGroup;
			children = (
				94F30524294CE79B00033495 /* AppDelegate.swift */,
				94F30526294CE79B00033495 /* SceneDelegate.swift */,
			);
			path = AppFiles;
			sourceTree = "<group>";
		};
		94F30539294CE7E500033495 /* Application */ = {
			isa = PBXGroup;
			children = (
				94F30538294CE7B100033495 /* AppFiles */,
				94F3053B294CE8B700033495 /* CoreEntities */,
				94F46530294E699B0019A1A9 /* Models */,
				942229E4294E0D330004FE52 /* Services */,
				94F3055E294CF94E00033495 /* UI */,
				94F3053E294CE8C600033495 /* Helpers */,
			);
			path = Application;
			sourceTree = "<group>";
		};
		94F3053A294CE7FE00033495 /* Supporting */ = {
			isa = PBXGroup;
			children = (
				94F30569294CFFAB00033495 /* AppResources */,
				94F3052F294CE79B00033495 /* LaunchScreen.storyboard */,
				94F30532294CE79B00033495 /* Info.plist */,
			);
			path = Supporting;
			sourceTree = "<group>";
		};
		94F3053B294CE8B700033495 /* CoreEntities */ = {
			isa = PBXGroup;
			children = (
				94F3053C294CE8C100033495 /* DI.swift */,
				94F30554294CF05500033495 /* RouterImpl.swift */,
				94F30558294CF52600033495 /* CoordinatorsFactoryImpl.swift */,
				94F3055C294CF6A500033495 /* AssemblyBuilderImpl.swift */,
				949C4C59295E06880059393C /* BaseCoordinator.swift */,
			);
			path = CoreEntities;
			sourceTree = "<group>";
		};
		94F3053E294CE8C600033495 /* Helpers */ = {
			isa = PBXGroup;
			children = (
				942229EA294E16860004FE52 /* Enums */,
				94F3054F294CEF9400033495 /* Typealiases */,
				94F3053F294CE8CD00033495 /* Protocols */,
				94F30540294CE8D500033495 /* Extensions */,
				947B35DD294FB00D001DF032 /* AccessKeysHelper.swift */,
			);
			path = Helpers;
			sourceTree = "<group>";
		};
		94F3053F294CE8CD00033495 /* Protocols */ = {
			isa = PBXGroup;
			children = (
				94F30545294CEA2600033495 /* Core */,
				942229DF294DFC930004FE52 /* ViewModels */,
				94FB38B22963497700B6A1CB /* Coordinators */,
				942229E7294E0D600004FE52 /* Services */,
				949BEFC3296567D000F2A5CD /* TemperatureConvertable.swift */,
			);
			path = Protocols;
			sourceTree = "<group>";
		};
		94F30540294CE8D500033495 /* Extensions */ = {
			isa = PBXGroup;
			children = (
				942229D8294DDD0B0004FE52 /* UIKit */,
				94C4218929536D8B00ECCBD8 /* Int + Ext.swift */,
				945DE8AF29510A0A00D0F106 /* Double + Ext.swift */,
				945DE8B729511C8F00D0F106 /* Publisher + Ext.swift */,
				9485B578295602B30084AAC2 /* String + Ext.swift */,
				9485B57A295603640084AAC2 /* Date + Ext.swift */,
				9485B57E29560DEC0084AAC2 /* DateFormatter + Ext.swift */,
				94FB38AE2963470A00B6A1CB /* City + Ext.swift */,
				949BEFC52965779F00F2A5CD /* NotificationName + Ext.swift */,
				9409E62D29660C2B00990EA7 /* UserDefaults + Ext.swift */,
				9449689729688B1500BE185F /* Calendar + Ext.swift */,
			);
			path = Extensions;
			sourceTree = "<group>";
		};
		94F30545294CEA2600033495 /* Core */ = {
			isa = PBXGroup;
			children = (
				94F30541294CE8FD00033495 /* AppFactory.swift */,
				94F30563294CFE5300033495 /* BaseViewSetup.swift */,
				94F30543294CE9ED00033495 /* Coordinator.swift */,
				94F30546294CEA9E00033495 /* CoordinatorsFactory.swift */,
				94F3054D294CEC2D00033495 /* Presentable.swift */,
				94F3054B294CEC1100033495 /* Router.swift */,
				94F3055A294CF5DB00033495 /* AssemblyBuilder.swift */,
				942229E2294DFD150004FE52 /* ViewModelable.swift */,
			);
			path = Core;
			sourceTree = "<group>";
		};
		94F30548294CEB3B00033495 /* Coordinators */ = {
			isa = PBXGroup;
			children = (
				949C4C57295E06540059393C /* ApplicationCoordinator.swift */,
				949C4C5B295E08A50059393C /* CurrentLocationForecastCoordinatorImpl.swift */,
				949C4C5D295E09CF0059393C /* MyLocationsCoordinatorImpl.swift */,
				94FB38AC296321EE00B6A1CB /* LocationForecastCoordinatorImpl.swift */,
				940DD926296616D600A4A6E4 /* SavedLocationForecastCoordinatorImpl.swift */,
			);
			path = Coordinators;
			sourceTree = "<group>";
		};
		94F3054F294CEF9400033495 /* Typealiases */ = {
			isa = PBXGroup;
			children = (
				94F30552294CEFC700033495 /* Closures.swift */,
				94FB38AA29631CAA00B6A1CB /* Coordinate.swift */,
			);
			path = Typealiases;
			sourceTree = "<group>";
		};
		94F3055E294CF94E00033495 /* UI */ = {
			isa = PBXGroup;
			children = (
				94F30561294CFE1F00033495 /* Base */,
				94F30548294CEB3B00033495 /* Coordinators */,
				94F3055F294CFA7B00033495 /* Modules */,
			);
			path = UI;
			sourceTree = "<group>";
		};
		94F3055F294CFA7B00033495 /* Modules */ = {
			isa = PBXGroup;
			children = (
				94F30560294CFA8200033495 /* CurrentLocationForecast */,
				949C4C5F295E0B480059393C /* MyLocations */,
				9409E62F2966107B00990EA7 /* SavedLocationWeather */,
				94FB38A729631B8C00B6A1CB /* LocationForecast */,
			);
			path = Modules;
			sourceTree = "<group>";
		};
		94F30560294CFA8200033495 /* CurrentLocationForecast */ = {
			isa = PBXGroup;
			children = (
				942229D0294DDC010004FE52 /* Views */,
				94F30528294CE79B00033495 /* CurrentLocationForecastViewController.swift */,
				942229DD294DFC7B0004FE52 /* CurrentLocationForecastViewModelImpl.swift */,
			);
			path = CurrentLocationForecast;
			sourceTree = "<group>";
		};
		94F30561294CFE1F00033495 /* Base */ = {
			isa = PBXGroup;
			children = (
				94F30562294CFE2800033495 /* Controllers */,
				942229D5294DDC420004FE52 /* Views */,
			);
			path = Base;
			sourceTree = "<group>";
		};
		94F30562294CFE2800033495 /* Controllers */ = {
			isa = PBXGroup;
			children = (
				949C4C55295DFFE60059393C /* MainTabBarController.swift */,
				94F30565294CFEAD00033495 /* BaseViewController.swift */,
			);
			path = Controllers;
			sourceTree = "<group>";
		};
		94F30569294CFFAB00033495 /* AppResources */ = {
			isa = PBXGroup;
			children = (
				94F30567294CFFA600033495 /* Resources.swift */,
				94F3052D294CE79B00033495 /* Assets.xcassets */,
			);
			path = AppResources;
			sourceTree = "<group>";
		};
		94F46530294E699B0019A1A9 /* Models */ = {
			isa = PBXGroup;
			children = (
				9477A0842956EE0B00C39ADC /* Weather */,
				9477A0852956EE1400C39ADC /* Auxiliary */,
			);
			path = Models;
			sourceTree = "<group>";
		};
		94F46549294E98B10019A1A9 /* TableViewCells */ = {
			isa = PBXGroup;
			children = (
				94F4654F294E9ADC0019A1A9 /* WeatherParameterCell */,
				9477A07A2956E9F400C39ADC /* HourlyForecastCell */,
				9485B56F2955DB620084AAC2 /* DailyForecastCell */,
			);
			path = TableViewCells;
			sourceTree = "<group>";
		};
		94F4654F294E9ADC0019A1A9 /* WeatherParameterCell */ = {
			isa = PBXGroup;
			children = (
				94F46550294E9B530019A1A9 /* WeatherDetailsTableViewCell.swift */,
				945DE8A82950FEC300D0F106 /* WeatherDetailsCellViewModelImpl.swift */,
			);
			path = WeatherParameterCell;
			sourceTree = "<group>";
		};
		94FB38A729631B8C00B6A1CB /* LocationForecast */ = {
			isa = PBXGroup;
			children = (
				94FB38A329631A1800B6A1CB /* LocationForecastViewController.swift */,
				94FB38A529631B7400B6A1CB /* LocationForecastViewModelImpl.swift */,
			);
			path = LocationForecast;
			sourceTree = "<group>";
		};
		94FB38B22963497700B6A1CB /* Coordinators */ = {
			isa = PBXGroup;
			children = (
				940DD92A29661A0200A4A6E4 /* CurrentLocationForecastCoordinator.swift */,
				94FB38B529634B5D00B6A1CB /* MyLocationsCoordinator.swift */,
				94FB38B32963498F00B6A1CB /* LocationForecastCoordinator.swift */,
				940DD9282966189E00A4A6E4 /* SavedLocationForecastCoordinator.swift */,
			);
			path = Coordinators;
			sourceTree = "<group>";
		};
/* End PBXGroup section */

/* Begin PBXNativeTarget section */
		94F30520294CE79B00033495 /* Skycast */ = {
			isa = PBXNativeTarget;
			buildConfigurationList = 94F30535294CE79B00033495 /* Build configuration list for PBXNativeTarget "Skycast" */;
			buildPhases = (
				94F3051D294CE79B00033495 /* Sources */,
				94F3051E294CE79B00033495 /* Frameworks */,
				94F3051F294CE79B00033495 /* Resources */,
			);
			buildRules = (
			);
			dependencies = (
			);
			name = Skycast;
			productName = Skycast;
			productReference = 94F30521294CE79B00033495 /* Skycast.app */;
			productType = "com.apple.product-type.application";
		};
/* End PBXNativeTarget section */

/* Begin PBXProject section */
		94F30519294CE79B00033495 /* Project object */ = {
			isa = PBXProject;
			attributes = {
				BuildIndependentTargetsInParallel = 1;
				LastSwiftUpdateCheck = 1420;
				LastUpgradeCheck = 1420;
				TargetAttributes = {
					94F30520294CE79B00033495 = {
						CreatedOnToolsVersion = 14.2;
					};
				};
			};
			buildConfigurationList = 94F3051C294CE79B00033495 /* Build configuration list for PBXProject "Skycast" */;
			compatibilityVersion = "Xcode 14.0";
			developmentRegion = en;
			hasScannedForEncodings = 0;
			knownRegions = (
				en,
				Base,
			);
			mainGroup = 94F30518294CE79B00033495;
			productRefGroup = 94F30522294CE79B00033495 /* Products */;
			projectDirPath = "";
			projectRoot = "";
			targets = (
				94F30520294CE79B00033495 /* Skycast */,
			);
		};
/* End PBXProject section */

/* Begin PBXResourcesBuildPhase section */
		94F3051F294CE79B00033495 /* Resources */ = {
			isa = PBXResourcesBuildPhase;
			buildActionMask = 2147483647;
			files = (
				94F30531294CE79B00033495 /* LaunchScreen.storyboard in Resources */,
				94F3052E294CE79B00033495 /* Assets.xcassets in Resources */,
			);
			runOnlyForDeploymentPostprocessing = 0;
		};
/* End PBXResourcesBuildPhase section */

/* Begin PBXSourcesBuildPhase section */
		94F3051D294CE79B00033495 /* Sources */ = {
			isa = PBXSourcesBuildPhase;
			buildActionMask = 2147483647;
			files = (
				945DE8B029510A0A00D0F106 /* Double + Ext.swift in Sources */,
				94F30547294CEA9E00033495 /* CoordinatorsFactory.swift in Sources */,
				9493D9F5296171DA00D72480 /* WeatherDetailsCollectionViewCellViewModelImpl.swift in Sources */,
				9485B5752955E2B20084AAC2 /* DailyForecastCellViewModel.swift in Sources */,
				9493D9EF29616AA400D72480 /* DailyForecastCollectionViewCell.swift in Sources */,
				94FB38B629634B5D00B6A1CB /* MyLocationsCoordinator.swift in Sources */,
				94E6CD3E295F108F005440B7 /* Astro.swift in Sources */,
				949C4C56295DFFE60059393C /* MainTabBarController.swift in Sources */,
				94C4218829536BFD00ECCBD8 /* TemperatureView.swift in Sources */,
				942229DC294DE1160004FE52 /* UIStackView + Ext.swift in Sources */,
				94F3053D294CE8C100033495 /* DI.swift in Sources */,
				9469DC6929532E9E00B73F10 /* LocationError.swift in Sources */,
				9493D9EC29616A1F00D72480 /* HourlyForecastCollectionViewCell.swift in Sources */,
				945DE8B229510D9E00D0F106 /* BaseTableViewCell.swift in Sources */,
				9485B579295602B30084AAC2 /* String + Ext.swift in Sources */,
				940DD927296616D600A4A6E4 /* SavedLocationForecastCoordinatorImpl.swift in Sources */,
				94F46544294E7DDB0019A1A9 /* Day.swift in Sources */,
				94F30555294CF05500033495 /* RouterImpl.swift in Sources */,
				940DD9292966189E00A4A6E4 /* SavedLocationForecastCoordinator.swift in Sources */,
				94FB38B42963498F00B6A1CB /* LocationForecastCoordinator.swift in Sources */,
				942229E1294DFCAE0004FE52 /* CurrentLocationForecastViewModel.swift in Sources */,
				94F30529294CE79B00033495 /* CurrentLocationForecastViewController.swift in Sources */,
				94F46546294E87A80019A1A9 /* CurrentWeatherViewModelImpl.swift in Sources */,
				94E6CD53295F479E005440B7 /* LocationsSearchResultsViewModelImpl.swift in Sources */,
				9456595229B670BD002322F6 /* MessageActionView.swift in Sources */,
				945DE8B6295119C800D0F106 /* LowHighWeatherTemperaturesViewModel.swift in Sources */,
				9413F5E9294F58BF00D011F3 /* UILabel + Ext.swift in Sources */,
				94F30568294CFFA600033495 /* Resources.swift in Sources */,
				94F3054E294CEC2D00033495 /* Presentable.swift in Sources */,
				94085B5129574FE500FAF9A2 /* DayPeriod.swift in Sources */,
				9485B5712955DB890084AAC2 /* DailyForecastTableViewCell.swift in Sources */,
				94FB38AF2963470A00B6A1CB /* City + Ext.swift in Sources */,
				94F46538294E78130019A1A9 /* URLServiceImpl.swift in Sources */,
				94F30566294CFEAD00033495 /* BaseViewController.swift in Sources */,
				9485B5732955E2780084AAC2 /* DailyForecastCellViewModelImpl.swift in Sources */,
				94F4652B294E65ED0019A1A9 /* WeatherAPIRoute.swift in Sources */,
				94C4218A29536D8B00ECCBD8 /* Int + Ext.swift in Sources */,
				949BEFC62965779F00F2A5CD /* NotificationName + Ext.swift in Sources */,
				94496896296889DD00BE185F /* UserDefaultsKeys.swift in Sources */,
				94F30557294CF3E000033495 /* UIViewController + Ext.swift in Sources */,
				94E6CD4C295F3F65005440B7 /* MyLocationsViewModelImpl.swift in Sources */,
				942165792962D94700CFE99C /* ForecastViewViewModel.swift in Sources */,
				94E6CD55295F47C3005440B7 /* LocationsSearchResultsViewModel.swift in Sources */,
				9477A07C2956EA1F00C39ADC /* HourlyForecastTableViewCell.swift in Sources */,
				94F46551294E9B530019A1A9 /* WeatherDetailsTableViewCell.swift in Sources */,
				94F46540294E7D910019A1A9 /* Forecast.swift in Sources */,
				9421657C2962DBB900CFE99C /* ForecastViewViewModelImpl.swift in Sources */,
				94F3055B294CF5DB00033495 /* AssemblyBuilder.swift in Sources */,
				9409E62E29660C2B00990EA7 /* UserDefaults + Ext.swift in Sources */,
				94FB38A429631A1800B6A1CB /* LocationForecastViewController.swift in Sources */,
				94F30544294CE9ED00033495 /* Coordinator.swift in Sources */,
				94E6CD40295F10AF005440B7 /* Condition.swift in Sources */,
				94F46534294E6B3E0019A1A9 /* WeatherHTTPBase.swift in Sources */,
				9409E6312966110200990EA7 /* SavedLocationForecastViewController.swift in Sources */,
				94F4652D294E66AA0019A1A9 /* WeatherAPIServiceImpl.swift in Sources */,
				942229E3294DFD150004FE52 /* ViewModelable.swift in Sources */,
				94F30559294CF52600033495 /* CoordinatorsFactoryImpl.swift in Sources */,
				94F4653C294E7D5E0019A1A9 /* Location.swift in Sources */,
				94E6CD46295F1BB3005440B7 /* UICollectionViewCell + Ext.swift in Sources */,
				9493D9FB296176AC00D72480 /* DailyForecastCollectionViewCellViewModel.swift in Sources */,
				94F46532294E6A1E0019A1A9 /* HTTPError.swift in Sources */,
				9413F5E7294F52B900D011F3 /* LowHighWeatherTemperaturesView.swift in Sources */,
				9485B57F29560DEC0084AAC2 /* DateFormatter + Ext.swift in Sources */,
				94F3054C294CEC1100033495 /* Router.swift in Sources */,
				942229EE294E34210004FE52 /* WeatherAPIService.swift in Sources */,
				940DD925296612CE00A4A6E4 /* SavedLocationWeatherViewModel.swift in Sources */,
				945DE8B42951199000D0F106 /* LowHighWeatherTemperaturesViewModelImpl.swift in Sources */,
				94F4654D294E99380019A1A9 /* UITableViewCell + Ext.swift in Sources */,
				94F30525294CE79B00033495 /* AppDelegate.swift in Sources */,
				949BEFC029655AB600F2A5CD /* LocationCollectionViewCellViewModelImpl.swift in Sources */,
				942229D2294DDC0E0004FE52 /* CurrentWeatherView.swift in Sources */,
				94E6CD48295F1C3B005440B7 /* BaseCollectionViewCell.swift in Sources */,
				9493D9F72961733B00D72480 /* WeatherDetailsCollectionViewCellViewModel.swift in Sources */,
				949C4C5C295E08A50059393C /* CurrentLocationForecastCoordinatorImpl.swift in Sources */,
				942229D7294DDD080004FE52 /* UIView + Ext.swift in Sources */,
				94F46542294E7DCD0019A1A9 /* Hour.swift in Sources */,
				94E6CD44295F1B63005440B7 /* LocationCollectionViewCell.swift in Sources */,
				940DD92B29661A0200A4A6E4 /* CurrentLocationForecastCoordinator.swift in Sources */,
				949C4C58295E06540059393C /* ApplicationCoordinator.swift in Sources */,
				94F4653E294E7D720019A1A9 /* CurrentWeather.swift in Sources */,
				9477A0872957050A00C39ADC /* HourlyForecastCellViewModelImpl.swift in Sources */,
				9493D9F32961719E00D72480 /* HorlyForecastCollectionViewCellViewModelImpl.swift in Sources */,
				9477A0892957052D00C39ADC /* HourlyForecastCellViewModel.swift in Sources */,
				9449689829688B1500BE185F /* Calendar + Ext.swift in Sources */,
				9493D9F92961758400D72480 /* HourlyForecastCollectionViewCellViewModel.swift in Sources */,
				945DE8BA29511FFC00D0F106 /* TemperatureUnits.swift in Sources */,
				94F30564294CFE5300033495 /* BaseViewSetup.swift in Sources */,
				9485B57D2956047D0084AAC2 /* DateFormat.swift in Sources */,
				94E6CD4A295F35B8005440B7 /* City.swift in Sources */,
				9490EB5129607EEB00E17745 /* ForecastView.swift in Sources */,
				94F30527294CE79B00033495 /* SceneDelegate.swift in Sources */,
				949C4C5A295E06880059393C /* BaseCoordinator.swift in Sources */,
				94F30542294CE8FD00033495 /* AppFactory.swift in Sources */,
				94FB38AD296321EE00B6A1CB /* LocationForecastCoordinatorImpl.swift in Sources */,
				94F3055D294CF6A500033495 /* AssemblyBuilderImpl.swift in Sources */,
				9493D9F12961717400D72480 /* DailyForecastCollectionViewCellViewModelImpl.swift in Sources */,
				94C4218E29536ED400ECCBD8 /* Temperature.swift in Sources */,
				94F4652F294E69930019A1A9 /* Weather.swift in Sources */,
				9409E6332966112600990EA7 /* SavedLocationWeatherViewModelImpl.swift in Sources */,
				942229D4294DDC3E0004FE52 /* BaseView.swift in Sources */,
				949C4C67295E195C0059393C /* UIColor + Ext.swift in Sources */,
				945DE8AB2950FEDC00D0F106 /* WeatherDetailsCellViewModel.swift in Sources */,
				942229DE294DFC7B0004FE52 /* CurrentLocationForecastViewModelImpl.swift in Sources */,
				949C4C5E295E09CF0059393C /* MyLocationsCoordinatorImpl.swift in Sources */,
				945DE8A92950FEC300D0F106 /* WeatherDetailsCellViewModelImpl.swift in Sources */,
				94FB38A929631BB000B6A1CB /* LocationForecastViewModel.swift in Sources */,
				949C4C61295E0B610059393C /* MyLocationsViewController.swift in Sources */,
				94FB38AB29631CAA00B6A1CB /* Coordinate.swift in Sources */,
				949BEFC4296567D000F2A5CD /* TemperatureConvertable.swift in Sources */,
				94E6CD4E295F3F8F005440B7 /* MyLocationsViewModel.swift in Sources */,
				94E589A229562D1100D233CE /* DailyForecastHeaderView.swift in Sources */,
				94E6CD50295F4766005440B7 /* LocationsSearchResultsController.swift in Sources */,
				94F46536294E6CCD0019A1A9 /* URLService.swift in Sources */,
				945DE8B829511C8F00D0F106 /* Publisher + Ext.swift in Sources */,
				945DE8AD2950FF9200D0F106 /* WeatherDetails.swift in Sources */,
				9485B57B295603640084AAC2 /* Date + Ext.swift in Sources */,
				947B35DE294FB00D001DF032 /* AccessKeysHelper.swift in Sources */,
				94F30553294CEFC700033495 /* Closures.swift in Sources */,
				949BEFC229655B0800F2A5CD /* LocationCollectionViewCellViewModel.swift in Sources */,
				942229E6294E0D4F0004FE52 /* UserLocationManagerImpl.swift in Sources */,
				942229E9294E0D760004FE52 /* UserLocationManager.swift in Sources */,
				942229EC294E16950004FE52 /* WeatherInfoSegment.swift in Sources */,
				94FB38A629631B7400B6A1CB /* LocationForecastViewModelImpl.swift in Sources */,
				94B9326C29577BD3005F378A /* UIImageView + Ext.swift in Sources */,
				9493D9E82961678600D72480 /* WeatherDetailsCollectionViewCell.swift in Sources */,
				94F46548294E87BE0019A1A9 /* CurrentWeatherViewModel.swift in Sources */,
			);
			runOnlyForDeploymentPostprocessing = 0;
		};
/* End PBXSourcesBuildPhase section */

/* Begin PBXVariantGroup section */
		94F3052F294CE79B00033495 /* LaunchScreen.storyboard */ = {
			isa = PBXVariantGroup;
			children = (
				94F30530294CE79B00033495 /* Base */,
			);
			name = LaunchScreen.storyboard;
			sourceTree = "<group>";
		};
/* End PBXVariantGroup section */

/* Begin XCBuildConfiguration section */
		94F30533294CE79B00033495 /* Debug */ = {
			isa = XCBuildConfiguration;
			buildSettings = {
				ALWAYS_SEARCH_USER_PATHS = NO;
				CLANG_ANALYZER_NONNULL = YES;
				CLANG_ANALYZER_NUMBER_OBJECT_CONVERSION = YES_AGGRESSIVE;
				CLANG_CXX_LANGUAGE_STANDARD = "gnu++20";
				CLANG_ENABLE_MODULES = YES;
				CLANG_ENABLE_OBJC_ARC = YES;
				CLANG_ENABLE_OBJC_WEAK = YES;
				CLANG_WARN_BLOCK_CAPTURE_AUTORELEASING = YES;
				CLANG_WARN_BOOL_CONVERSION = YES;
				CLANG_WARN_COMMA = YES;
				CLANG_WARN_CONSTANT_CONVERSION = YES;
				CLANG_WARN_DEPRECATED_OBJC_IMPLEMENTATIONS = YES;
				CLANG_WARN_DIRECT_OBJC_ISA_USAGE = YES_ERROR;
				CLANG_WARN_DOCUMENTATION_COMMENTS = YES;
				CLANG_WARN_EMPTY_BODY = YES;
				CLANG_WARN_ENUM_CONVERSION = YES;
				CLANG_WARN_INFINITE_RECURSION = YES;
				CLANG_WARN_INT_CONVERSION = YES;
				CLANG_WARN_NON_LITERAL_NULL_CONVERSION = YES;
				CLANG_WARN_OBJC_IMPLICIT_RETAIN_SELF = YES;
				CLANG_WARN_OBJC_LITERAL_CONVERSION = YES;
				CLANG_WARN_OBJC_ROOT_CLASS = YES_ERROR;
				CLANG_WARN_QUOTED_INCLUDE_IN_FRAMEWORK_HEADER = YES;
				CLANG_WARN_RANGE_LOOP_ANALYSIS = YES;
				CLANG_WARN_STRICT_PROTOTYPES = YES;
				CLANG_WARN_SUSPICIOUS_MOVE = YES;
				CLANG_WARN_UNGUARDED_AVAILABILITY = YES_AGGRESSIVE;
				CLANG_WARN_UNREACHABLE_CODE = YES;
				CLANG_WARN__DUPLICATE_METHOD_MATCH = YES;
				COPY_PHASE_STRIP = NO;
				DEBUG_INFORMATION_FORMAT = dwarf;
				ENABLE_STRICT_OBJC_MSGSEND = YES;
				ENABLE_TESTABILITY = YES;
				GCC_C_LANGUAGE_STANDARD = gnu11;
				GCC_DYNAMIC_NO_PIC = NO;
				GCC_NO_COMMON_BLOCKS = YES;
				GCC_OPTIMIZATION_LEVEL = 0;
				GCC_PREPROCESSOR_DEFINITIONS = (
					"DEBUG=1",
					"$(inherited)",
				);
				GCC_WARN_64_TO_32_BIT_CONVERSION = YES;
				GCC_WARN_ABOUT_RETURN_TYPE = YES_ERROR;
				GCC_WARN_UNDECLARED_SELECTOR = YES;
				GCC_WARN_UNINITIALIZED_AUTOS = YES_AGGRESSIVE;
				GCC_WARN_UNUSED_FUNCTION = YES;
				GCC_WARN_UNUSED_VARIABLE = YES;
				IPHONEOS_DEPLOYMENT_TARGET = 16.0;
				MTL_ENABLE_DEBUG_INFO = INCLUDE_SOURCE;
				MTL_FAST_MATH = YES;
				ONLY_ACTIVE_ARCH = YES;
				SDKROOT = iphoneos;
				SWIFT_ACTIVE_COMPILATION_CONDITIONS = DEBUG;
				SWIFT_OPTIMIZATION_LEVEL = "-Onone";
			};
			name = Debug;
		};
		94F30534294CE79B00033495 /* Release */ = {
			isa = XCBuildConfiguration;
			buildSettings = {
				ALWAYS_SEARCH_USER_PATHS = NO;
				CLANG_ANALYZER_NONNULL = YES;
				CLANG_ANALYZER_NUMBER_OBJECT_CONVERSION = YES_AGGRESSIVE;
				CLANG_CXX_LANGUAGE_STANDARD = "gnu++20";
				CLANG_ENABLE_MODULES = YES;
				CLANG_ENABLE_OBJC_ARC = YES;
				CLANG_ENABLE_OBJC_WEAK = YES;
				CLANG_WARN_BLOCK_CAPTURE_AUTORELEASING = YES;
				CLANG_WARN_BOOL_CONVERSION = YES;
				CLANG_WARN_COMMA = YES;
				CLANG_WARN_CONSTANT_CONVERSION = YES;
				CLANG_WARN_DEPRECATED_OBJC_IMPLEMENTATIONS = YES;
				CLANG_WARN_DIRECT_OBJC_ISA_USAGE = YES_ERROR;
				CLANG_WARN_DOCUMENTATION_COMMENTS = YES;
				CLANG_WARN_EMPTY_BODY = YES;
				CLANG_WARN_ENUM_CONVERSION = YES;
				CLANG_WARN_INFINITE_RECURSION = YES;
				CLANG_WARN_INT_CONVERSION = YES;
				CLANG_WARN_NON_LITERAL_NULL_CONVERSION = YES;
				CLANG_WARN_OBJC_IMPLICIT_RETAIN_SELF = YES;
				CLANG_WARN_OBJC_LITERAL_CONVERSION = YES;
				CLANG_WARN_OBJC_ROOT_CLASS = YES_ERROR;
				CLANG_WARN_QUOTED_INCLUDE_IN_FRAMEWORK_HEADER = YES;
				CLANG_WARN_RANGE_LOOP_ANALYSIS = YES;
				CLANG_WARN_STRICT_PROTOTYPES = YES;
				CLANG_WARN_SUSPICIOUS_MOVE = YES;
				CLANG_WARN_UNGUARDED_AVAILABILITY = YES_AGGRESSIVE;
				CLANG_WARN_UNREACHABLE_CODE = YES;
				CLANG_WARN__DUPLICATE_METHOD_MATCH = YES;
				COPY_PHASE_STRIP = NO;
				DEBUG_INFORMATION_FORMAT = "dwarf-with-dsym";
				ENABLE_NS_ASSERTIONS = NO;
				ENABLE_STRICT_OBJC_MSGSEND = YES;
				GCC_C_LANGUAGE_STANDARD = gnu11;
				GCC_NO_COMMON_BLOCKS = YES;
				GCC_WARN_64_TO_32_BIT_CONVERSION = YES;
				GCC_WARN_ABOUT_RETURN_TYPE = YES_ERROR;
				GCC_WARN_UNDECLARED_SELECTOR = YES;
				GCC_WARN_UNINITIALIZED_AUTOS = YES_AGGRESSIVE;
				GCC_WARN_UNUSED_FUNCTION = YES;
				GCC_WARN_UNUSED_VARIABLE = YES;
				IPHONEOS_DEPLOYMENT_TARGET = 16.0;
				MTL_ENABLE_DEBUG_INFO = NO;
				MTL_FAST_MATH = YES;
				SDKROOT = iphoneos;
				SWIFT_COMPILATION_MODE = wholemodule;
				SWIFT_OPTIMIZATION_LEVEL = "-O";
				VALIDATE_PRODUCT = YES;
			};
			name = Release;
		};
		94F30536294CE79B00033495 /* Debug */ = {
			isa = XCBuildConfiguration;
			buildSettings = {
				ASSETCATALOG_COMPILER_APPICON_NAME = AppIcon;
				ASSETCATALOG_COMPILER_GLOBAL_ACCENT_COLOR_NAME = AccentColor;
				CODE_SIGN_STYLE = Automatic;
				CURRENT_PROJECT_VERSION = 1;
				DEVELOPMENT_TEAM = XX34NBC2NS;
				GENERATE_INFOPLIST_FILE = YES;
				INFOPLIST_FILE = Skycast/Supporting/Info.plist;
				INFOPLIST_KEY_UIApplicationSupportsIndirectInputEvents = YES;
				INFOPLIST_KEY_UILaunchStoryboardName = LaunchScreen.storyboard;
				INFOPLIST_KEY_UISupportedInterfaceOrientations = UIInterfaceOrientationPortrait;
				INFOPLIST_KEY_UISupportedInterfaceOrientations_iPad = "UIInterfaceOrientationLandscapeLeft UIInterfaceOrientationLandscapeRight UIInterfaceOrientationPortrait UIInterfaceOrientationPortraitUpsideDown";
				IPHONEOS_DEPLOYMENT_TARGET = 16.0;
				LD_RUNPATH_SEARCH_PATHS = (
					"$(inherited)",
					"@executable_path/Frameworks",
				);
				MARKETING_VERSION = 1.0;
				PRODUCT_BUNDLE_IDENTIFIER = com.malildugulyubgov.Skycast;
				PRODUCT_NAME = "$(TARGET_NAME)";
				SUPPORTED_PLATFORMS = "iphoneos iphonesimulator";
				SUPPORTS_MACCATALYST = NO;
				SUPPORTS_MAC_DESIGNED_FOR_IPHONE_IPAD = NO;
				SWIFT_EMIT_LOC_STRINGS = YES;
				SWIFT_VERSION = 5.0;
				TARGETED_DEVICE_FAMILY = 1;
			};
			name = Debug;
		};
		94F30537294CE79B00033495 /* Release */ = {
			isa = XCBuildConfiguration;
			buildSettings = {
				ASSETCATALOG_COMPILER_APPICON_NAME = AppIcon;
				ASSETCATALOG_COMPILER_GLOBAL_ACCENT_COLOR_NAME = AccentColor;
				CODE_SIGN_STYLE = Automatic;
				CURRENT_PROJECT_VERSION = 1;
				DEVELOPMENT_TEAM = XX34NBC2NS;
				GENERATE_INFOPLIST_FILE = YES;
				INFOPLIST_FILE = Skycast/Supporting/Info.plist;
				INFOPLIST_KEY_UIApplicationSupportsIndirectInputEvents = YES;
				INFOPLIST_KEY_UILaunchStoryboardName = LaunchScreen.storyboard;
				INFOPLIST_KEY_UISupportedInterfaceOrientations = UIInterfaceOrientationPortrait;
				INFOPLIST_KEY_UISupportedInterfaceOrientations_iPad = "UIInterfaceOrientationLandscapeLeft UIInterfaceOrientationLandscapeRight UIInterfaceOrientationPortrait UIInterfaceOrientationPortraitUpsideDown";
				IPHONEOS_DEPLOYMENT_TARGET = 16.0;
				LD_RUNPATH_SEARCH_PATHS = (
					"$(inherited)",
					"@executable_path/Frameworks",
				);
				MARKETING_VERSION = 1.0;
				PRODUCT_BUNDLE_IDENTIFIER = com.malildugulyubgov.Skycast;
				PRODUCT_NAME = "$(TARGET_NAME)";
				SUPPORTED_PLATFORMS = "iphoneos iphonesimulator";
				SUPPORTS_MACCATALYST = NO;
				SUPPORTS_MAC_DESIGNED_FOR_IPHONE_IPAD = NO;
				SWIFT_EMIT_LOC_STRINGS = YES;
				SWIFT_VERSION = 5.0;
				TARGETED_DEVICE_FAMILY = 1;
			};
			name = Release;
		};
/* End XCBuildConfiguration section */

/* Begin XCConfigurationList section */
		94F3051C294CE79B00033495 /* Build configuration list for PBXProject "Skycast" */ = {
			isa = XCConfigurationList;
			buildConfigurations = (
				94F30533294CE79B00033495 /* Debug */,
				94F30534294CE79B00033495 /* Release */,
			);
			defaultConfigurationIsVisible = 0;
			defaultConfigurationName = Release;
		};
		94F30535294CE79B00033495 /* Build configuration list for PBXNativeTarget "Skycast" */ = {
			isa = XCConfigurationList;
			buildConfigurations = (
				94F30536294CE79B00033495 /* Debug */,
				94F30537294CE79B00033495 /* Release */,
			);
			defaultConfigurationIsVisible = 0;
			defaultConfigurationName = Release;
		};
/* End XCConfigurationList section */
	};
	rootObject = 94F30519294CE79B00033495 /* Project object */;
}
